// !$*UTF8*$!
{
	archiveVersion = 1;
	classes = {
	};
	objectVersion = 56;
	objects = {

/* Begin PBXBuildFile section */
		4F3C7B6E2C8E0DC500291DCA /* EffectiveMobileTodoListiOS.framework in Frameworks */ = {isa = PBXBuildFile; fileRef = 4F3C7B662C8E0DC500291DCA /* EffectiveMobileTodoListiOS.framework */; };
		4F3C7B7F2C8E0E0B00291DCA /* TaskListViewController.swift in Sources */ = {isa = PBXBuildFile; fileRef = 4F3C7B7E2C8E0E0B00291DCA /* TaskListViewController.swift */; };
		4F3C7B812C8E0E4F00291DCA /* CustomTitleHeaderView.swift in Sources */ = {isa = PBXBuildFile; fileRef = 4F3C7B802C8E0E4F00291DCA /* CustomTitleHeaderView.swift */; };
		4F3C7B832C8E0E8400291DCA /* TaskTableViewCell.swift in Sources */ = {isa = PBXBuildFile; fileRef = 4F3C7B822C8E0E8400291DCA /* TaskTableViewCell.swift */; };
		4F3C7B852C8E10A800291DCA /* TaskListFiltersView.swift in Sources */ = {isa = PBXBuildFile; fileRef = 4F3C7B842C8E10A800291DCA /* TaskListFiltersView.swift */; };
		4F3C7B872C8E10E800291DCA /* TaskListFilterButton.swift in Sources */ = {isa = PBXBuildFile; fileRef = 4F3C7B862C8E10E800291DCA /* TaskListFilterButton.swift */; };
		4F3C7B922C8E240200291DCA /* TodoTaskViewModel.swift in Sources */ = {isa = PBXBuildFile; fileRef = 4F3C7B912C8E240200291DCA /* TodoTaskViewModel.swift */; };
		4F5852562C898D9400FE2173 /* LocalFeedLoader.swift in Sources */ = {isa = PBXBuildFile; fileRef = 4F5852552C898D9400FE2173 /* LocalFeedLoader.swift */; };
		4F5852582C898DAE00FE2173 /* FeedStore.swift in Sources */ = {isa = PBXBuildFile; fileRef = 4F5852572C898DAE00FE2173 /* FeedStore.swift */; };
		4F58525A2C898DC400FE2173 /* LocalTodoTask.swift in Sources */ = {isa = PBXBuildFile; fileRef = 4F5852592C898DC400FE2173 /* LocalTodoTask.swift */; };
		4F58525C2C8993B400FE2173 /* CacheFeedUseCaseTests.swift in Sources */ = {isa = PBXBuildFile; fileRef = 4F58525B2C8993B400FE2173 /* CacheFeedUseCaseTests.swift */; };
		4F58525E2C8993EE00FE2173 /* FeedCacheTestHelpers.swift in Sources */ = {isa = PBXBuildFile; fileRef = 4F58525D2C8993EE00FE2173 /* FeedCacheTestHelpers.swift */; };
		4F5852602C89A70B00FE2173 /* TasksFeedCache.swift in Sources */ = {isa = PBXBuildFile; fileRef = 4F58525F2C89A70B00FE2173 /* TasksFeedCache.swift */; };
		4F5852622C89D4EF00FE2173 /* DeleteFeedUseCaseTests.swift in Sources */ = {isa = PBXBuildFile; fileRef = 4F5852612C89D4EF00FE2173 /* DeleteFeedUseCaseTests.swift */; };
		4F5852642C89DA6900FE2173 /* UpdateFeedUseCaseTests.swift in Sources */ = {isa = PBXBuildFile; fileRef = 4F5852632C89DA6900FE2173 /* UpdateFeedUseCaseTests.swift */; };
		4F58526A2C89EBF700FE2173 /* TasksFeedStore.xcdatamodeld in Sources */ = {isa = PBXBuildFile; fileRef = 4F5852682C89EBF700FE2173 /* TasksFeedStore.xcdatamodeld */; };
		4F5852782C89F67C00FE2173 /* ManagedCache.swift in Sources */ = {isa = PBXBuildFile; fileRef = 4F5852742C89F67C00FE2173 /* ManagedCache.swift */; };
		4F58527A2C89F67C00FE2173 /* ManagedTodoTask.swift in Sources */ = {isa = PBXBuildFile; fileRef = 4F5852762C89F67C00FE2173 /* ManagedTodoTask.swift */; };
		4F58527C2C8A1E5000FE2173 /* CoreDataFeedStore.swift in Sources */ = {isa = PBXBuildFile; fileRef = 4F58527B2C8A1E5000FE2173 /* CoreDataFeedStore.swift */; };
		4F58527E2C8A1F5300FE2173 /* CoreDataHelpers.swift in Sources */ = {isa = PBXBuildFile; fileRef = 4F58527D2C8A1F5300FE2173 /* CoreDataHelpers.swift */; };
		4F5852802C8A36EE00FE2173 /* CoreDataFeedStoreTests.swift in Sources */ = {isa = PBXBuildFile; fileRef = 4F58527F2C8A36EE00FE2173 /* CoreDataFeedStoreTests.swift */; };
		4F5852832C8A388B00FE2173 /* FeedStoreSpecs.swift in Sources */ = {isa = PBXBuildFile; fileRef = 4F5852822C8A388B00FE2173 /* FeedStoreSpecs.swift */; };
		4F5852852C8A3E8600FE2173 /* CoreDataFeedStore+FeedStore.swift in Sources */ = {isa = PBXBuildFile; fileRef = 4F5852842C8A3E8600FE2173 /* CoreDataFeedStore+FeedStore.swift */; };
		4F5852872C8A4D4200FE2173 /* CacheError.swift in Sources */ = {isa = PBXBuildFile; fileRef = 4F5852862C8A4D4200FE2173 /* CacheError.swift */; };
		4F61AB2F2C8E25F90040C357 /* TasksInteractor.swift in Sources */ = {isa = PBXBuildFile; fileRef = 4F61AB2E2C8E25F90040C357 /* TasksInteractor.swift */; };
		4F61AB3B2C8E29B50040C357 /* EffectiveMobileTodoList.framework in Frameworks */ = {isa = PBXBuildFile; fileRef = 4F620E9B2C86F62400F38AC9 /* EffectiveMobileTodoList.framework */; };
		4F61AB3C2C8E29B50040C357 /* EffectiveMobileTodoList.framework in Embed Frameworks */ = {isa = PBXBuildFile; fileRef = 4F620E9B2C86F62400F38AC9 /* EffectiveMobileTodoList.framework */; settings = {ATTRIBUTES = (CodeSignOnCopy, RemoveHeadersOnCopy, ); }; };
		4F61AB432C8E2B8E0040C357 /* EffectiveMobileTodoListiOS.h in Headers */ = {isa = PBXBuildFile; fileRef = 4F61AB422C8E2B8E0040C357 /* EffectiveMobileTodoListiOS.h */; };
		4F61AB4B2C8EA6880040C357 /* TasksInteractorInput.swift in Sources */ = {isa = PBXBuildFile; fileRef = 4F61AB4A2C8EA6880040C357 /* TasksInteractorInput.swift */; };
		4F61AB4D2C8EA77C0040C357 /* TasksInteractorOutput.swift in Sources */ = {isa = PBXBuildFile; fileRef = 4F61AB4C2C8EA77C0040C357 /* TasksInteractorOutput.swift */; };
		4F61AB4F2C8EABCE0040C357 /* TasksPresenterDelegate.swift in Sources */ = {isa = PBXBuildFile; fileRef = 4F61AB4E2C8EABCE0040C357 /* TasksPresenterDelegate.swift */; };
		4F61AB512C8EAC920040C357 /* TasksPresenter.swift in Sources */ = {isa = PBXBuildFile; fileRef = 4F61AB502C8EAC920040C357 /* TasksPresenter.swift */; };
		4F61AB532C8EAF4F0040C357 /* TasksView.swift in Sources */ = {isa = PBXBuildFile; fileRef = 4F61AB522C8EAF4F0040C357 /* TasksView.swift */; };
		4F61AB582C8EBBA30040C357 /* TasksRouterNavigator.swift in Sources */ = {isa = PBXBuildFile; fileRef = 4F61AB572C8EBBA30040C357 /* TasksRouterNavigator.swift */; };
		4F61AB5A2C8ECDB00040C357 /* TasksTableViewCellController.swift in Sources */ = {isa = PBXBuildFile; fileRef = 4F61AB592C8ECDB00040C357 /* TasksTableViewCellController.swift */; };
		4F61AB5D2C8ECF580040C357 /* ConvertingExtensions.swift in Sources */ = {isa = PBXBuildFile; fileRef = 4F61AB5C2C8ECF580040C357 /* ConvertingExtensions.swift */; };
		4F61AB5F2C8EDC960040C357 /* TaskErrorView.swift in Sources */ = {isa = PBXBuildFile; fileRef = 4F61AB5E2C8EDC960040C357 /* TaskErrorView.swift */; };
		4F61AB612C8EDC9F0040C357 /* TaskLoadingView.swift in Sources */ = {isa = PBXBuildFile; fileRef = 4F61AB602C8EDC9F0040C357 /* TaskLoadingView.swift */; };
		4F61AB632C8EE0080040C357 /* TaskLoadingViewModel.swift in Sources */ = {isa = PBXBuildFile; fileRef = 4F61AB622C8EE0080040C357 /* TaskLoadingViewModel.swift */; };
		4F61AB652C8EE01E0040C357 /* TaskErrorViewModel.swift in Sources */ = {isa = PBXBuildFile; fileRef = 4F61AB642C8EE01E0040C357 /* TaskErrorViewModel.swift */; };
		4F61AB672C8F1E6E0040C357 /* UIView+Shimmering.swift in Sources */ = {isa = PBXBuildFile; fileRef = 4F61AB662C8F1E6E0040C357 /* UIView+Shimmering.swift */; };
		4F61AB6A2C8F21430040C357 /* ErrorView.swift in Sources */ = {isa = PBXBuildFile; fileRef = 4F61AB692C8F21430040C357 /* ErrorView.swift */; };
		4F620EA42C86F62400F38AC9 /* EffectiveMobileTodoList.framework in Frameworks */ = {isa = PBXBuildFile; fileRef = 4F620E9B2C86F62400F38AC9 /* EffectiveMobileTodoList.framework */; };
		4F620EAA2C86F62400F38AC9 /* EffectiveMobileTodoList.h in Headers */ = {isa = PBXBuildFile; fileRef = 4F620E9E2C86F62400F38AC9 /* EffectiveMobileTodoList.h */; settings = {ATTRIBUTES = (Public, ); }; };
		4FB051D02C873210004CEB29 /* TasksLoader.swift in Sources */ = {isa = PBXBuildFile; fileRef = 4FB051CF2C873210004CEB29 /* TasksLoader.swift */; };
		4FB051D22C8732FE004CEB29 /* TodoTask.swift in Sources */ = {isa = PBXBuildFile; fileRef = 4FB051D12C8732FE004CEB29 /* TodoTask.swift */; };
		4FB051D52C8788D1004CEB29 /* URLSessionHTTPClientTests.swift in Sources */ = {isa = PBXBuildFile; fileRef = 4FB051D42C8788D1004CEB29 /* URLSessionHTTPClientTests.swift */; };
		4FB051D82C87893E004CEB29 /* URLProtocolStub.swift in Sources */ = {isa = PBXBuildFile; fileRef = 4FB051D72C87893E004CEB29 /* URLProtocolStub.swift */; };
		4FB051DB2C878B09004CEB29 /* SharedTestHelpers.swift in Sources */ = {isa = PBXBuildFile; fileRef = 4FB051DA2C878B09004CEB29 /* SharedTestHelpers.swift */; };
		4FB051DD2C878E9B004CEB29 /* XCTestCase+MemoryLeakTracking.swift in Sources */ = {isa = PBXBuildFile; fileRef = 4FB051DC2C878E9B004CEB29 /* XCTestCase+MemoryLeakTracking.swift */; };
		4FB051E02C8795A7004CEB29 /* HTTPClient.swift in Sources */ = {isa = PBXBuildFile; fileRef = 4FB051DF2C8795A7004CEB29 /* HTTPClient.swift */; };
		4FB051E32C87960D004CEB29 /* URLSessionHTTPClient.swift in Sources */ = {isa = PBXBuildFile; fileRef = 4FB051E22C87960D004CEB29 /* URLSessionHTTPClient.swift */; };
		4FB0520C2C88D503004CEB29 /* RemoteFeedLoader.swift in Sources */ = {isa = PBXBuildFile; fileRef = 4FB0520B2C88D503004CEB29 /* RemoteFeedLoader.swift */; };
		4FB0520E2C88D536004CEB29 /* FeedTasksMapper.swift in Sources */ = {isa = PBXBuildFile; fileRef = 4FB0520D2C88D536004CEB29 /* FeedTasksMapper.swift */; };
		4FB052132C88E056004CEB29 /* HTTPURLResponse+StatusCode.swift in Sources */ = {isa = PBXBuildFile; fileRef = 4FB052122C88E056004CEB29 /* HTTPURLResponse+StatusCode.swift */; };
		4FCAC4862C88E91E002CBBE7 /* LoadFeedFromRemoteUseCaseTests.swift in Sources */ = {isa = PBXBuildFile; fileRef = 4FCAC4852C88E91E002CBBE7 /* LoadFeedFromRemoteUseCaseTests.swift */; };
		4FCAC4882C88E932002CBBE7 /* FeedTasksMapperTests.swift in Sources */ = {isa = PBXBuildFile; fileRef = 4FCAC4872C88E932002CBBE7 /* FeedTasksMapperTests.swift */; };
		4FCAC48B2C88E9A6002CBBE7 /* LoadFeedFromCacheUseCaseTests.swift in Sources */ = {isa = PBXBuildFile; fileRef = 4FCAC48A2C88E9A6002CBBE7 /* LoadFeedFromCacheUseCaseTests.swift */; };
		4FCAC48E2C88EA74002CBBE7 /* FeedStoreSpy.swift in Sources */ = {isa = PBXBuildFile; fileRef = 4FCAC48D2C88EA74002CBBE7 /* FeedStoreSpy.swift */; };
/* End PBXBuildFile section */

/* Begin PBXContainerItemProxy section */
		4F3C7B6F2C8E0DC500291DCA /* PBXContainerItemProxy */ = {
			isa = PBXContainerItemProxy;
			containerPortal = 4F620E922C86F62400F38AC9 /* Project object */;
			proxyType = 1;
			remoteGlobalIDString = 4F3C7B652C8E0DC500291DCA;
			remoteInfo = EffectiveMobileTodoListiOS;
		};
		4F61AB3D2C8E29B50040C357 /* PBXContainerItemProxy */ = {
			isa = PBXContainerItemProxy;
			containerPortal = 4F620E922C86F62400F38AC9 /* Project object */;
			proxyType = 1;
			remoteGlobalIDString = 4F620E9A2C86F62400F38AC9;
			remoteInfo = EffectiveMobileTodoList;
		};
		4F620EA52C86F62400F38AC9 /* PBXContainerItemProxy */ = {
			isa = PBXContainerItemProxy;
			containerPortal = 4F620E922C86F62400F38AC9 /* Project object */;
			proxyType = 1;
			remoteGlobalIDString = 4F620E9A2C86F62400F38AC9;
			remoteInfo = EffectiveMobileTodoList;
		};
/* End PBXContainerItemProxy section */

/* Begin PBXCopyFilesBuildPhase section */
		4F61AB3F2C8E29B50040C357 /* Embed Frameworks */ = {
			isa = PBXCopyFilesBuildPhase;
			buildActionMask = 2147483647;
			dstPath = "";
			dstSubfolderSpec = 10;
			files = (
				4F61AB3C2C8E29B50040C357 /* EffectiveMobileTodoList.framework in Embed Frameworks */,
			);
			name = "Embed Frameworks";
			runOnlyForDeploymentPostprocessing = 0;
		};
/* End PBXCopyFilesBuildPhase section */

/* Begin PBXFileReference section */
		4F3C7B662C8E0DC500291DCA /* EffectiveMobileTodoListiOS.framework */ = {isa = PBXFileReference; explicitFileType = wrapper.framework; includeInIndex = 0; path = EffectiveMobileTodoListiOS.framework; sourceTree = BUILT_PRODUCTS_DIR; };
		4F3C7B6D2C8E0DC500291DCA /* EffectiveMobileTodoListiOSTests.xctest */ = {isa = PBXFileReference; explicitFileType = wrapper.cfbundle; includeInIndex = 0; path = EffectiveMobileTodoListiOSTests.xctest; sourceTree = BUILT_PRODUCTS_DIR; };
		4F3C7B7E2C8E0E0B00291DCA /* TaskListViewController.swift */ = {isa = PBXFileReference; lastKnownFileType = sourcecode.swift; path = TaskListViewController.swift; sourceTree = "<group>"; };
		4F3C7B802C8E0E4F00291DCA /* CustomTitleHeaderView.swift */ = {isa = PBXFileReference; lastKnownFileType = sourcecode.swift; path = CustomTitleHeaderView.swift; sourceTree = "<group>"; };
		4F3C7B822C8E0E8400291DCA /* TaskTableViewCell.swift */ = {isa = PBXFileReference; lastKnownFileType = sourcecode.swift; path = TaskTableViewCell.swift; sourceTree = "<group>"; };
		4F3C7B842C8E10A800291DCA /* TaskListFiltersView.swift */ = {isa = PBXFileReference; lastKnownFileType = sourcecode.swift; path = TaskListFiltersView.swift; sourceTree = "<group>"; };
		4F3C7B862C8E10E800291DCA /* TaskListFilterButton.swift */ = {isa = PBXFileReference; lastKnownFileType = sourcecode.swift; path = TaskListFilterButton.swift; sourceTree = "<group>"; };
		4F3C7B912C8E240200291DCA /* TodoTaskViewModel.swift */ = {isa = PBXFileReference; lastKnownFileType = sourcecode.swift; path = TodoTaskViewModel.swift; sourceTree = "<group>"; };
		4F5852552C898D9400FE2173 /* LocalFeedLoader.swift */ = {isa = PBXFileReference; lastKnownFileType = sourcecode.swift; path = LocalFeedLoader.swift; sourceTree = "<group>"; };
		4F5852572C898DAE00FE2173 /* FeedStore.swift */ = {isa = PBXFileReference; lastKnownFileType = sourcecode.swift; path = FeedStore.swift; sourceTree = "<group>"; };
		4F5852592C898DC400FE2173 /* LocalTodoTask.swift */ = {isa = PBXFileReference; lastKnownFileType = sourcecode.swift; path = LocalTodoTask.swift; sourceTree = "<group>"; };
		4F58525B2C8993B400FE2173 /* CacheFeedUseCaseTests.swift */ = {isa = PBXFileReference; lastKnownFileType = sourcecode.swift; path = CacheFeedUseCaseTests.swift; sourceTree = "<group>"; };
		4F58525D2C8993EE00FE2173 /* FeedCacheTestHelpers.swift */ = {isa = PBXFileReference; lastKnownFileType = sourcecode.swift; path = FeedCacheTestHelpers.swift; sourceTree = "<group>"; };
		4F58525F2C89A70B00FE2173 /* TasksFeedCache.swift */ = {isa = PBXFileReference; lastKnownFileType = sourcecode.swift; path = TasksFeedCache.swift; sourceTree = "<group>"; };
		4F5852612C89D4EF00FE2173 /* DeleteFeedUseCaseTests.swift */ = {isa = PBXFileReference; lastKnownFileType = sourcecode.swift; path = DeleteFeedUseCaseTests.swift; sourceTree = "<group>"; };
		4F5852632C89DA6900FE2173 /* UpdateFeedUseCaseTests.swift */ = {isa = PBXFileReference; lastKnownFileType = sourcecode.swift; path = UpdateFeedUseCaseTests.swift; sourceTree = "<group>"; };
		4F5852692C89EBF700FE2173 /* TasksFeedStore.xcdatamodel */ = {isa = PBXFileReference; lastKnownFileType = wrapper.xcdatamodel; path = TasksFeedStore.xcdatamodel; sourceTree = "<group>"; };
		4F5852742C89F67C00FE2173 /* ManagedCache.swift */ = {isa = PBXFileReference; lastKnownFileType = sourcecode.swift; path = ManagedCache.swift; sourceTree = "<group>"; };
		4F5852762C89F67C00FE2173 /* ManagedTodoTask.swift */ = {isa = PBXFileReference; lastKnownFileType = sourcecode.swift; path = ManagedTodoTask.swift; sourceTree = "<group>"; };
		4F58527B2C8A1E5000FE2173 /* CoreDataFeedStore.swift */ = {isa = PBXFileReference; lastKnownFileType = sourcecode.swift; path = CoreDataFeedStore.swift; sourceTree = "<group>"; };
		4F58527D2C8A1F5300FE2173 /* CoreDataHelpers.swift */ = {isa = PBXFileReference; lastKnownFileType = sourcecode.swift; path = CoreDataHelpers.swift; sourceTree = "<group>"; };
		4F58527F2C8A36EE00FE2173 /* CoreDataFeedStoreTests.swift */ = {isa = PBXFileReference; lastKnownFileType = sourcecode.swift; path = CoreDataFeedStoreTests.swift; sourceTree = "<group>"; };
		4F5852822C8A388B00FE2173 /* FeedStoreSpecs.swift */ = {isa = PBXFileReference; lastKnownFileType = sourcecode.swift; path = FeedStoreSpecs.swift; sourceTree = "<group>"; };
		4F5852842C8A3E8600FE2173 /* CoreDataFeedStore+FeedStore.swift */ = {isa = PBXFileReference; lastKnownFileType = sourcecode.swift; path = "CoreDataFeedStore+FeedStore.swift"; sourceTree = "<group>"; };
		4F5852862C8A4D4200FE2173 /* CacheError.swift */ = {isa = PBXFileReference; lastKnownFileType = sourcecode.swift; path = CacheError.swift; sourceTree = "<group>"; };
		4F61AB2E2C8E25F90040C357 /* TasksInteractor.swift */ = {isa = PBXFileReference; lastKnownFileType = sourcecode.swift; path = TasksInteractor.swift; sourceTree = "<group>"; };
		4F61AB422C8E2B8E0040C357 /* EffectiveMobileTodoListiOS.h */ = {isa = PBXFileReference; fileEncoding = 4; lastKnownFileType = sourcecode.c.h; path = EffectiveMobileTodoListiOS.h; sourceTree = "<group>"; };
		4F61AB4A2C8EA6880040C357 /* TasksInteractorInput.swift */ = {isa = PBXFileReference; lastKnownFileType = sourcecode.swift; path = TasksInteractorInput.swift; sourceTree = "<group>"; };
		4F61AB4C2C8EA77C0040C357 /* TasksInteractorOutput.swift */ = {isa = PBXFileReference; lastKnownFileType = sourcecode.swift; path = TasksInteractorOutput.swift; sourceTree = "<group>"; };
		4F61AB4E2C8EABCE0040C357 /* TasksPresenterDelegate.swift */ = {isa = PBXFileReference; lastKnownFileType = sourcecode.swift; path = TasksPresenterDelegate.swift; sourceTree = "<group>"; };
		4F61AB502C8EAC920040C357 /* TasksPresenter.swift */ = {isa = PBXFileReference; lastKnownFileType = sourcecode.swift; path = TasksPresenter.swift; sourceTree = "<group>"; };
		4F61AB522C8EAF4F0040C357 /* TasksView.swift */ = {isa = PBXFileReference; lastKnownFileType = sourcecode.swift; path = TasksView.swift; sourceTree = "<group>"; };
		4F61AB572C8EBBA30040C357 /* TasksRouterNavigator.swift */ = {isa = PBXFileReference; lastKnownFileType = sourcecode.swift; path = TasksRouterNavigator.swift; sourceTree = "<group>"; };
		4F61AB592C8ECDB00040C357 /* TasksTableViewCellController.swift */ = {isa = PBXFileReference; lastKnownFileType = sourcecode.swift; path = TasksTableViewCellController.swift; sourceTree = "<group>"; };
		4F61AB5C2C8ECF580040C357 /* ConvertingExtensions.swift */ = {isa = PBXFileReference; lastKnownFileType = sourcecode.swift; path = ConvertingExtensions.swift; sourceTree = "<group>"; };
		4F61AB5E2C8EDC960040C357 /* TaskErrorView.swift */ = {isa = PBXFileReference; lastKnownFileType = sourcecode.swift; path = TaskErrorView.swift; sourceTree = "<group>"; };
		4F61AB602C8EDC9F0040C357 /* TaskLoadingView.swift */ = {isa = PBXFileReference; lastKnownFileType = sourcecode.swift; path = TaskLoadingView.swift; sourceTree = "<group>"; };
		4F61AB622C8EE0080040C357 /* TaskLoadingViewModel.swift */ = {isa = PBXFileReference; lastKnownFileType = sourcecode.swift; path = TaskLoadingViewModel.swift; sourceTree = "<group>"; };
		4F61AB642C8EE01E0040C357 /* TaskErrorViewModel.swift */ = {isa = PBXFileReference; lastKnownFileType = sourcecode.swift; path = TaskErrorViewModel.swift; sourceTree = "<group>"; };
		4F61AB662C8F1E6E0040C357 /* UIView+Shimmering.swift */ = {isa = PBXFileReference; lastKnownFileType = sourcecode.swift; path = "UIView+Shimmering.swift"; sourceTree = "<group>"; };
		4F61AB692C8F21430040C357 /* ErrorView.swift */ = {isa = PBXFileReference; lastKnownFileType = sourcecode.swift; path = ErrorView.swift; sourceTree = "<group>"; };
		4F620E9B2C86F62400F38AC9 /* EffectiveMobileTodoList.framework */ = {isa = PBXFileReference; explicitFileType = wrapper.framework; includeInIndex = 0; path = EffectiveMobileTodoList.framework; sourceTree = BUILT_PRODUCTS_DIR; };
		4F620E9E2C86F62400F38AC9 /* EffectiveMobileTodoList.h */ = {isa = PBXFileReference; lastKnownFileType = sourcecode.c.h; path = EffectiveMobileTodoList.h; sourceTree = "<group>"; };
		4F620EA32C86F62400F38AC9 /* EffectiveMobileTodoListTests.xctest */ = {isa = PBXFileReference; explicitFileType = wrapper.cfbundle; includeInIndex = 0; path = EffectiveMobileTodoListTests.xctest; sourceTree = BUILT_PRODUCTS_DIR; };
		4FB051CF2C873210004CEB29 /* TasksLoader.swift */ = {isa = PBXFileReference; lastKnownFileType = sourcecode.swift; path = TasksLoader.swift; sourceTree = "<group>"; };
		4FB051D12C8732FE004CEB29 /* TodoTask.swift */ = {isa = PBXFileReference; lastKnownFileType = sourcecode.swift; path = TodoTask.swift; sourceTree = "<group>"; };
		4FB051D42C8788D1004CEB29 /* URLSessionHTTPClientTests.swift */ = {isa = PBXFileReference; lastKnownFileType = sourcecode.swift; path = URLSessionHTTPClientTests.swift; sourceTree = "<group>"; };
		4FB051D72C87893E004CEB29 /* URLProtocolStub.swift */ = {isa = PBXFileReference; lastKnownFileType = sourcecode.swift; path = URLProtocolStub.swift; sourceTree = "<group>"; };
		4FB051DA2C878B09004CEB29 /* SharedTestHelpers.swift */ = {isa = PBXFileReference; lastKnownFileType = sourcecode.swift; path = SharedTestHelpers.swift; sourceTree = "<group>"; };
		4FB051DC2C878E9B004CEB29 /* XCTestCase+MemoryLeakTracking.swift */ = {isa = PBXFileReference; lastKnownFileType = sourcecode.swift; path = "XCTestCase+MemoryLeakTracking.swift"; sourceTree = "<group>"; };
		4FB051DF2C8795A7004CEB29 /* HTTPClient.swift */ = {isa = PBXFileReference; lastKnownFileType = sourcecode.swift; path = HTTPClient.swift; sourceTree = "<group>"; };
		4FB051E22C87960D004CEB29 /* URLSessionHTTPClient.swift */ = {isa = PBXFileReference; lastKnownFileType = sourcecode.swift; path = URLSessionHTTPClient.swift; sourceTree = "<group>"; };
		4FB0520B2C88D503004CEB29 /* RemoteFeedLoader.swift */ = {isa = PBXFileReference; lastKnownFileType = sourcecode.swift; path = RemoteFeedLoader.swift; sourceTree = "<group>"; };
		4FB0520D2C88D536004CEB29 /* FeedTasksMapper.swift */ = {isa = PBXFileReference; lastKnownFileType = sourcecode.swift; path = FeedTasksMapper.swift; sourceTree = "<group>"; };
		4FB052122C88E056004CEB29 /* HTTPURLResponse+StatusCode.swift */ = {isa = PBXFileReference; lastKnownFileType = sourcecode.swift; path = "HTTPURLResponse+StatusCode.swift"; sourceTree = "<group>"; };
		4FCAC4852C88E91E002CBBE7 /* LoadFeedFromRemoteUseCaseTests.swift */ = {isa = PBXFileReference; lastKnownFileType = sourcecode.swift; path = LoadFeedFromRemoteUseCaseTests.swift; sourceTree = "<group>"; };
		4FCAC4872C88E932002CBBE7 /* FeedTasksMapperTests.swift */ = {isa = PBXFileReference; lastKnownFileType = sourcecode.swift; path = FeedTasksMapperTests.swift; sourceTree = "<group>"; };
		4FCAC48A2C88E9A6002CBBE7 /* LoadFeedFromCacheUseCaseTests.swift */ = {isa = PBXFileReference; lastKnownFileType = sourcecode.swift; path = LoadFeedFromCacheUseCaseTests.swift; sourceTree = "<group>"; };
		4FCAC48D2C88EA74002CBBE7 /* FeedStoreSpy.swift */ = {isa = PBXFileReference; lastKnownFileType = sourcecode.swift; path = FeedStoreSpy.swift; sourceTree = "<group>"; };
/* End PBXFileReference section */

/* Begin PBXFrameworksBuildPhase section */
		4F3C7B632C8E0DC500291DCA /* Frameworks */ = {
			isa = PBXFrameworksBuildPhase;
			buildActionMask = 2147483647;
			files = (
				4F61AB3B2C8E29B50040C357 /* EffectiveMobileTodoList.framework in Frameworks */,
			);
			runOnlyForDeploymentPostprocessing = 0;
		};
		4F3C7B6A2C8E0DC500291DCA /* Frameworks */ = {
			isa = PBXFrameworksBuildPhase;
			buildActionMask = 2147483647;
			files = (
				4F3C7B6E2C8E0DC500291DCA /* EffectiveMobileTodoListiOS.framework in Frameworks */,
			);
			runOnlyForDeploymentPostprocessing = 0;
		};
		4F620E982C86F62400F38AC9 /* Frameworks */ = {
			isa = PBXFrameworksBuildPhase;
			buildActionMask = 2147483647;
			files = (
			);
			runOnlyForDeploymentPostprocessing = 0;
		};
		4F620EA02C86F62400F38AC9 /* Frameworks */ = {
			isa = PBXFrameworksBuildPhase;
			buildActionMask = 2147483647;
			files = (
				4F620EA42C86F62400F38AC9 /* EffectiveMobileTodoList.framework in Frameworks */,
			);
			runOnlyForDeploymentPostprocessing = 0;
		};
/* End PBXFrameworksBuildPhase section */

/* Begin PBXGroup section */
		4F3C7B672C8E0DC500291DCA /* EffectiveMobileTodoListiOS */ = {
			isa = PBXGroup;
			children = (
				4F61AB422C8E2B8E0040C357 /* EffectiveMobileTodoListiOS.h */,
				4F3C7B8A2C8E232600291DCA /* Feed Feature UI */,
			);
			path = EffectiveMobileTodoListiOS;
			sourceTree = "<group>";
		};
		4F3C7B712C8E0DC500291DCA /* EffectiveMobileTodoListiOSTests */ = {
			isa = PBXGroup;
			children = (
			);
			path = EffectiveMobileTodoListiOSTests;
			sourceTree = "<group>";
		};
		4F3C7B882C8E1E5200291DCA /* View */ = {
			isa = PBXGroup;
			children = (
				4F61AB682C8F21350040C357 /* Helpers */,
				4F61AB542C8EAFA80040C357 /* Protocols */,
				4F3C7B8C2C8E233F00291DCA /* Views */,
				4F3C7B8B2C8E233C00291DCA /* Controllers */,
			);
			path = View;
			sourceTree = "<group>";
		};
		4F3C7B892C8E1E5800291DCA /* Interactor */ = {
			isa = PBXGroup;
			children = (
				4F61AB2E2C8E25F90040C357 /* TasksInteractor.swift */,
				4F61AB4C2C8EA77C0040C357 /* TasksInteractorOutput.swift */,
				4F61AB4A2C8EA6880040C357 /* TasksInteractorInput.swift */,
			);
			path = Interactor;
			sourceTree = "<group>";
		};
		4F3C7B8A2C8E232600291DCA /* Feed Feature UI */ = {
			isa = PBXGroup;
			children = (
				4F61AB5B2C8ECF4C0040C357 /* Helpers */,
				4F3C7B882C8E1E5200291DCA /* View */,
				4F3C7B892C8E1E5800291DCA /* Interactor */,
				4F3C7B8D2C8E236600291DCA /* Presenter */,
				4F3C7B8E2C8E236E00291DCA /* Entity */,
				4F3C7B8F2C8E237500291DCA /* Router */,
			);
			path = "Feed Feature UI";
			sourceTree = "<group>";
		};
		4F3C7B8B2C8E233C00291DCA /* Controllers */ = {
			isa = PBXGroup;
			children = (
				4F3C7B7E2C8E0E0B00291DCA /* TaskListViewController.swift */,
				4F61AB592C8ECDB00040C357 /* TasksTableViewCellController.swift */,
			);
			path = Controllers;
			sourceTree = "<group>";
		};
		4F3C7B8C2C8E233F00291DCA /* Views */ = {
			isa = PBXGroup;
			children = (
				4F3C7B802C8E0E4F00291DCA /* CustomTitleHeaderView.swift */,
				4F3C7B842C8E10A800291DCA /* TaskListFiltersView.swift */,
				4F3C7B862C8E10E800291DCA /* TaskListFilterButton.swift */,
				4F3C7B822C8E0E8400291DCA /* TaskTableViewCell.swift */,
				4F61AB692C8F21430040C357 /* ErrorView.swift */,
			);
			path = Views;
			sourceTree = "<group>";
		};
		4F3C7B8D2C8E236600291DCA /* Presenter */ = {
			isa = PBXGroup;
			children = (
				4F61AB622C8EE0080040C357 /* TaskLoadingViewModel.swift */,
				4F61AB602C8EDC9F0040C357 /* TaskLoadingView.swift */,
				4F61AB5E2C8EDC960040C357 /* TaskErrorView.swift */,
				4F61AB642C8EE01E0040C357 /* TaskErrorViewModel.swift */,
				4F61AB4E2C8EABCE0040C357 /* TasksPresenterDelegate.swift */,
				4F61AB502C8EAC920040C357 /* TasksPresenter.swift */,
			);
			path = Presenter;
			sourceTree = "<group>";
		};
		4F3C7B8E2C8E236E00291DCA /* Entity */ = {
			isa = PBXGroup;
			children = (
				4F3C7B912C8E240200291DCA /* TodoTaskViewModel.swift */,
			);
			path = Entity;
			sourceTree = "<group>";
		};
		4F3C7B8F2C8E237500291DCA /* Router */ = {
			isa = PBXGroup;
			children = (
				4F61AB572C8EBBA30040C357 /* TasksRouterNavigator.swift */,
			);
			path = Router;
			sourceTree = "<group>";
		};
		4F5852652C89EB0100FE2173 /* Infrastructure */ = {
			isa = PBXGroup;
			children = (
				4F5852662C89EB0700FE2173 /* CoreData */,
			);
			path = Infrastructure;
			sourceTree = "<group>";
		};
		4F5852662C89EB0700FE2173 /* CoreData */ = {
			isa = PBXGroup;
			children = (
				4F5852742C89F67C00FE2173 /* ManagedCache.swift */,
				4F5852862C8A4D4200FE2173 /* CacheError.swift */,
				4F58527B2C8A1E5000FE2173 /* CoreDataFeedStore.swift */,
				4F5852842C8A3E8600FE2173 /* CoreDataFeedStore+FeedStore.swift */,
				4F58527D2C8A1F5300FE2173 /* CoreDataHelpers.swift */,
				4F5852762C89F67C00FE2173 /* ManagedTodoTask.swift */,
				4F5852682C89EBF700FE2173 /* TasksFeedStore.xcdatamodeld */,
			);
			path = CoreData;
			sourceTree = "<group>";
		};
		4F5852812C8A386700FE2173 /* FeedStoreSpecs */ = {
			isa = PBXGroup;
			children = (
				4F5852822C8A388B00FE2173 /* FeedStoreSpecs.swift */,
			);
			path = FeedStoreSpecs;
			sourceTree = "<group>";
		};
		4F61AB302C8E26590040C357 /* Frameworks */ = {
			isa = PBXGroup;
			children = (
			);
			name = Frameworks;
			sourceTree = "<group>";
		};
		4F61AB542C8EAFA80040C357 /* Protocols */ = {
			isa = PBXGroup;
			children = (
				4F61AB522C8EAF4F0040C357 /* TasksView.swift */,
			);
			path = Protocols;
			sourceTree = "<group>";
		};
		4F61AB5B2C8ECF4C0040C357 /* Helpers */ = {
			isa = PBXGroup;
			children = (
				4F61AB5C2C8ECF580040C357 /* ConvertingExtensions.swift */,
			);
			path = Helpers;
			sourceTree = "<group>";
		};
		4F61AB682C8F21350040C357 /* Helpers */ = {
			isa = PBXGroup;
			children = (
				4F61AB662C8F1E6E0040C357 /* UIView+Shimmering.swift */,
			);
			path = Helpers;
			sourceTree = "<group>";
		};
		4F620E912C86F62400F38AC9 = {
			isa = PBXGroup;
			children = (
				4F620E9D2C86F62400F38AC9 /* EffectiveMobileTodoList */,
				4F620EA72C86F62400F38AC9 /* EffectiveMobileTodoListTests */,
				4F3C7B672C8E0DC500291DCA /* EffectiveMobileTodoListiOS */,
				4F3C7B712C8E0DC500291DCA /* EffectiveMobileTodoListiOSTests */,
				4F620E9C2C86F62400F38AC9 /* Products */,
				4F61AB302C8E26590040C357 /* Frameworks */,
			);
			sourceTree = "<group>";
		};
		4F620E9C2C86F62400F38AC9 /* Products */ = {
			isa = PBXGroup;
			children = (
				4F620E9B2C86F62400F38AC9 /* EffectiveMobileTodoList.framework */,
				4F620EA32C86F62400F38AC9 /* EffectiveMobileTodoListTests.xctest */,
				4F3C7B662C8E0DC500291DCA /* EffectiveMobileTodoListiOS.framework */,
				4F3C7B6D2C8E0DC500291DCA /* EffectiveMobileTodoListiOSTests.xctest */,
			);
			name = Products;
			sourceTree = "<group>";
		};
		4F620E9D2C86F62400F38AC9 /* EffectiveMobileTodoList */ = {
			isa = PBXGroup;
			children = (
				4FB052142C88E792004CEB29 /* Feed Cache */,
				4FB0520A2C88D4F7004CEB29 /* Feed API */,
				4FB051DE2C87959B004CEB29 /* Shared API Infra */,
				4FB051E12C8795F4004CEB29 /* Tasks Feed API */,
				4FB051CE2C87310D004CEB29 /* Tasks Feed Feature */,
				4F620E9E2C86F62400F38AC9 /* EffectiveMobileTodoList.h */,
			);
			path = EffectiveMobileTodoList;
			sourceTree = "<group>";
		};
		4F620EA72C86F62400F38AC9 /* EffectiveMobileTodoListTests */ = {
			isa = PBXGroup;
			children = (
				4FCAC4892C88E970002CBBE7 /* Feed Cache */,
				4FB051D92C878AFA004CEB29 /* Helpers */,
				4FB051D32C8788AC004CEB29 /* Shared API Infra */,
				4FB052162C88E8F7004CEB29 /* Feed API */,
			);
			path = EffectiveMobileTodoListTests;
			sourceTree = "<group>";
		};
		4FB051CE2C87310D004CEB29 /* Tasks Feed Feature */ = {
			isa = PBXGroup;
			children = (
				4FB051CF2C873210004CEB29 /* TasksLoader.swift */,
				4F58525F2C89A70B00FE2173 /* TasksFeedCache.swift */,
				4FB051D12C8732FE004CEB29 /* TodoTask.swift */,
			);
			path = "Tasks Feed Feature";
			sourceTree = "<group>";
		};
		4FB051D32C8788AC004CEB29 /* Shared API Infra */ = {
			isa = PBXGroup;
			children = (
				4FB051D62C87892F004CEB29 /* Helpers */,
				4FB051D42C8788D1004CEB29 /* URLSessionHTTPClientTests.swift */,
			);
			path = "Shared API Infra";
			sourceTree = "<group>";
		};
		4FB051D62C87892F004CEB29 /* Helpers */ = {
			isa = PBXGroup;
			children = (
				4FB051D72C87893E004CEB29 /* URLProtocolStub.swift */,
			);
			path = Helpers;
			sourceTree = "<group>";
		};
		4FB051D92C878AFA004CEB29 /* Helpers */ = {
			isa = PBXGroup;
			children = (
				4FB051DA2C878B09004CEB29 /* SharedTestHelpers.swift */,
				4FB051DC2C878E9B004CEB29 /* XCTestCase+MemoryLeakTracking.swift */,
			);
			path = Helpers;
			sourceTree = "<group>";
		};
		4FB051DE2C87959B004CEB29 /* Shared API Infra */ = {
			isa = PBXGroup;
			children = (
				4FB051DF2C8795A7004CEB29 /* HTTPClient.swift */,
			);
			path = "Shared API Infra";
			sourceTree = "<group>";
		};
		4FB051E12C8795F4004CEB29 /* Tasks Feed API */ = {
			isa = PBXGroup;
			children = (
				4FB051E22C87960D004CEB29 /* URLSessionHTTPClient.swift */,
			);
			path = "Tasks Feed API";
			sourceTree = "<group>";
		};
		4FB0520A2C88D4F7004CEB29 /* Feed API */ = {
			isa = PBXGroup;
			children = (
				4FB052112C88E052004CEB29 /* Helpers */,
				4FB0520B2C88D503004CEB29 /* RemoteFeedLoader.swift */,
				4FB0520D2C88D536004CEB29 /* FeedTasksMapper.swift */,
			);
			path = "Feed API";
			sourceTree = "<group>";
		};
		4FB052112C88E052004CEB29 /* Helpers */ = {
			isa = PBXGroup;
			children = (
				4FB052122C88E056004CEB29 /* HTTPURLResponse+StatusCode.swift */,
			);
			path = Helpers;
			sourceTree = "<group>";
		};
		4FB052142C88E792004CEB29 /* Feed Cache */ = {
			isa = PBXGroup;
			children = (
				4F5852652C89EB0100FE2173 /* Infrastructure */,
				4F5852552C898D9400FE2173 /* LocalFeedLoader.swift */,
				4F5852572C898DAE00FE2173 /* FeedStore.swift */,
				4F5852592C898DC400FE2173 /* LocalTodoTask.swift */,
			);
			path = "Feed Cache";
			sourceTree = "<group>";
		};
		4FB052162C88E8F7004CEB29 /* Feed API */ = {
			isa = PBXGroup;
			children = (
				4FCAC4852C88E91E002CBBE7 /* LoadFeedFromRemoteUseCaseTests.swift */,
				4FCAC4872C88E932002CBBE7 /* FeedTasksMapperTests.swift */,
			);
			path = "Feed API";
			sourceTree = "<group>";
		};
		4FCAC4892C88E970002CBBE7 /* Feed Cache */ = {
			isa = PBXGroup;
			children = (
				4F5852812C8A386700FE2173 /* FeedStoreSpecs */,
				4FCAC48C2C88EA6C002CBBE7 /* Helpers */,
				4FCAC48A2C88E9A6002CBBE7 /* LoadFeedFromCacheUseCaseTests.swift */,
				4F58525B2C8993B400FE2173 /* CacheFeedUseCaseTests.swift */,
				4F5852612C89D4EF00FE2173 /* DeleteFeedUseCaseTests.swift */,
				4F5852632C89DA6900FE2173 /* UpdateFeedUseCaseTests.swift */,
				4F58527F2C8A36EE00FE2173 /* CoreDataFeedStoreTests.swift */,
			);
			path = "Feed Cache";
			sourceTree = "<group>";
		};
		4FCAC48C2C88EA6C002CBBE7 /* Helpers */ = {
			isa = PBXGroup;
			children = (
				4FCAC48D2C88EA74002CBBE7 /* FeedStoreSpy.swift */,
				4F58525D2C8993EE00FE2173 /* FeedCacheTestHelpers.swift */,
			);
			path = Helpers;
			sourceTree = "<group>";
		};
/* End PBXGroup section */

/* Begin PBXHeadersBuildPhase section */
		4F3C7B612C8E0DC500291DCA /* Headers */ = {
			isa = PBXHeadersBuildPhase;
			buildActionMask = 2147483647;
			files = (
				4F61AB432C8E2B8E0040C357 /* EffectiveMobileTodoListiOS.h in Headers */,
			);
			runOnlyForDeploymentPostprocessing = 0;
		};
		4F620E962C86F62400F38AC9 /* Headers */ = {
			isa = PBXHeadersBuildPhase;
			buildActionMask = 2147483647;
			files = (
				4F620EAA2C86F62400F38AC9 /* EffectiveMobileTodoList.h in Headers */,
			);
			runOnlyForDeploymentPostprocessing = 0;
		};
/* End PBXHeadersBuildPhase section */

/* Begin PBXNativeTarget section */
		4F3C7B652C8E0DC500291DCA /* EffectiveMobileTodoListiOS */ = {
			isa = PBXNativeTarget;
			buildConfigurationList = 4F3C7B792C8E0DC500291DCA /* Build configuration list for PBXNativeTarget "EffectiveMobileTodoListiOS" */;
			buildPhases = (
				4F3C7B612C8E0DC500291DCA /* Headers */,
				4F3C7B622C8E0DC500291DCA /* Sources */,
				4F3C7B632C8E0DC500291DCA /* Frameworks */,
				4F3C7B642C8E0DC500291DCA /* Resources */,
				4F61AB3F2C8E29B50040C357 /* Embed Frameworks */,
			);
			buildRules = (
			);
			dependencies = (
				4F61AB3E2C8E29B50040C357 /* PBXTargetDependency */,
			);
			name = EffectiveMobileTodoListiOS;
			productName = EffectiveMobileTodoListiOS;
			productReference = 4F3C7B662C8E0DC500291DCA /* EffectiveMobileTodoListiOS.framework */;
			productType = "com.apple.product-type.framework";
		};
		4F3C7B6C2C8E0DC500291DCA /* EffectiveMobileTodoListiOSTests */ = {
			isa = PBXNativeTarget;
			buildConfigurationList = 4F3C7B7A2C8E0DC500291DCA /* Build configuration list for PBXNativeTarget "EffectiveMobileTodoListiOSTests" */;
			buildPhases = (
				4F3C7B692C8E0DC500291DCA /* Sources */,
				4F3C7B6A2C8E0DC500291DCA /* Frameworks */,
				4F3C7B6B2C8E0DC500291DCA /* Resources */,
			);
			buildRules = (
			);
			dependencies = (
				4F3C7B702C8E0DC500291DCA /* PBXTargetDependency */,
			);
			name = EffectiveMobileTodoListiOSTests;
			productName = EffectiveMobileTodoListiOSTests;
			productReference = 4F3C7B6D2C8E0DC500291DCA /* EffectiveMobileTodoListiOSTests.xctest */;
			productType = "com.apple.product-type.bundle.unit-test";
		};
		4F620E9A2C86F62400F38AC9 /* EffectiveMobileTodoList */ = {
			isa = PBXNativeTarget;
			buildConfigurationList = 4F620EAD2C86F62400F38AC9 /* Build configuration list for PBXNativeTarget "EffectiveMobileTodoList" */;
			buildPhases = (
				4F620E962C86F62400F38AC9 /* Headers */,
				4F620E972C86F62400F38AC9 /* Sources */,
				4F620E982C86F62400F38AC9 /* Frameworks */,
				4F620E992C86F62400F38AC9 /* Resources */,
			);
			buildRules = (
			);
			dependencies = (
			);
			name = EffectiveMobileTodoList;
			productName = EffectiveMobileTodoList;
			productReference = 4F620E9B2C86F62400F38AC9 /* EffectiveMobileTodoList.framework */;
			productType = "com.apple.product-type.framework";
		};
		4F620EA22C86F62400F38AC9 /* EffectiveMobileTodoListTests */ = {
			isa = PBXNativeTarget;
			buildConfigurationList = 4F620EB02C86F62400F38AC9 /* Build configuration list for PBXNativeTarget "EffectiveMobileTodoListTests" */;
			buildPhases = (
				4F620E9F2C86F62400F38AC9 /* Sources */,
				4F620EA02C86F62400F38AC9 /* Frameworks */,
				4F620EA12C86F62400F38AC9 /* Resources */,
			);
			buildRules = (
			);
			dependencies = (
				4F620EA62C86F62400F38AC9 /* PBXTargetDependency */,
			);
			name = EffectiveMobileTodoListTests;
			productName = EffectiveMobileTodoListTests;
			productReference = 4F620EA32C86F62400F38AC9 /* EffectiveMobileTodoListTests.xctest */;
			productType = "com.apple.product-type.bundle.unit-test";
		};
/* End PBXNativeTarget section */

/* Begin PBXProject section */
		4F620E922C86F62400F38AC9 /* Project object */ = {
			isa = PBXProject;
			attributes = {
				BuildIndependentTargetsInParallel = 1;
				LastSwiftUpdateCheck = 1540;
				LastUpgradeCheck = 1540;
				TargetAttributes = {
					4F3C7B652C8E0DC500291DCA = {
						CreatedOnToolsVersion = 15.4;
						LastSwiftMigration = 1540;
					};
					4F3C7B6C2C8E0DC500291DCA = {
						CreatedOnToolsVersion = 15.4;
					};
					4F620E9A2C86F62400F38AC9 = {
						CreatedOnToolsVersion = 15.4;
						LastSwiftMigration = 1540;
					};
					4F620EA22C86F62400F38AC9 = {
						CreatedOnToolsVersion = 15.4;
						LastSwiftMigration = 1540;
					};
				};
			};
			buildConfigurationList = 4F620E952C86F62400F38AC9 /* Build configuration list for PBXProject "EffectiveMobileTodoList" */;
			compatibilityVersion = "Xcode 14.0";
			developmentRegion = en;
			hasScannedForEncodings = 0;
			knownRegions = (
				en,
				Base,
			);
			mainGroup = 4F620E912C86F62400F38AC9;
			productRefGroup = 4F620E9C2C86F62400F38AC9 /* Products */;
			projectDirPath = "";
			projectRoot = "";
			targets = (
				4F620E9A2C86F62400F38AC9 /* EffectiveMobileTodoList */,
				4F620EA22C86F62400F38AC9 /* EffectiveMobileTodoListTests */,
				4F3C7B652C8E0DC500291DCA /* EffectiveMobileTodoListiOS */,
				4F3C7B6C2C8E0DC500291DCA /* EffectiveMobileTodoListiOSTests */,
			);
		};
/* End PBXProject section */

/* Begin PBXResourcesBuildPhase section */
		4F3C7B642C8E0DC500291DCA /* Resources */ = {
			isa = PBXResourcesBuildPhase;
			buildActionMask = 2147483647;
			files = (
			);
			runOnlyForDeploymentPostprocessing = 0;
		};
		4F3C7B6B2C8E0DC500291DCA /* Resources */ = {
			isa = PBXResourcesBuildPhase;
			buildActionMask = 2147483647;
			files = (
			);
			runOnlyForDeploymentPostprocessing = 0;
		};
		4F620E992C86F62400F38AC9 /* Resources */ = {
			isa = PBXResourcesBuildPhase;
			buildActionMask = 2147483647;
			files = (
			);
			runOnlyForDeploymentPostprocessing = 0;
		};
		4F620EA12C86F62400F38AC9 /* Resources */ = {
			isa = PBXResourcesBuildPhase;
			buildActionMask = 2147483647;
			files = (
			);
			runOnlyForDeploymentPostprocessing = 0;
		};
/* End PBXResourcesBuildPhase section */

/* Begin PBXSourcesBuildPhase section */
		4F3C7B622C8E0DC500291DCA /* Sources */ = {
			isa = PBXSourcesBuildPhase;
			buildActionMask = 2147483647;
			files = (
				4F61AB4D2C8EA77C0040C357 /* TasksInteractorOutput.swift in Sources */,
				4F61AB672C8F1E6E0040C357 /* UIView+Shimmering.swift in Sources */,
				4F3C7B7F2C8E0E0B00291DCA /* TaskListViewController.swift in Sources */,
				4F61AB4B2C8EA6880040C357 /* TasksInteractorInput.swift in Sources */,
				4F61AB6A2C8F21430040C357 /* ErrorView.swift in Sources */,
				4F61AB612C8EDC9F0040C357 /* TaskLoadingView.swift in Sources */,
				4F61AB4F2C8EABCE0040C357 /* TasksPresenterDelegate.swift in Sources */,
				4F61AB2F2C8E25F90040C357 /* TasksInteractor.swift in Sources */,
				4F3C7B922C8E240200291DCA /* TodoTaskViewModel.swift in Sources */,
				4F61AB5D2C8ECF580040C357 /* ConvertingExtensions.swift in Sources */,
				4F61AB512C8EAC920040C357 /* TasksPresenter.swift in Sources */,
				4F61AB582C8EBBA30040C357 /* TasksRouterNavigator.swift in Sources */,
				4F61AB532C8EAF4F0040C357 /* TasksView.swift in Sources */,
				4F3C7B872C8E10E800291DCA /* TaskListFilterButton.swift in Sources */,
				4F61AB632C8EE0080040C357 /* TaskLoadingViewModel.swift in Sources */,
				4F61AB5A2C8ECDB00040C357 /* TasksTableViewCellController.swift in Sources */,
				4F3C7B812C8E0E4F00291DCA /* CustomTitleHeaderView.swift in Sources */,
				4F3C7B832C8E0E8400291DCA /* TaskTableViewCell.swift in Sources */,
				4F61AB652C8EE01E0040C357 /* TaskErrorViewModel.swift in Sources */,
				4F3C7B852C8E10A800291DCA /* TaskListFiltersView.swift in Sources */,
				4F61AB5F2C8EDC960040C357 /* TaskErrorView.swift in Sources */,
			);
			runOnlyForDeploymentPostprocessing = 0;
		};
		4F3C7B692C8E0DC500291DCA /* Sources */ = {
			isa = PBXSourcesBuildPhase;
			buildActionMask = 2147483647;
			files = (
			);
			runOnlyForDeploymentPostprocessing = 0;
		};
		4F620E972C86F62400F38AC9 /* Sources */ = {
			isa = PBXSourcesBuildPhase;
			buildActionMask = 2147483647;
			files = (
				4F5852852C8A3E8600FE2173 /* CoreDataFeedStore+FeedStore.swift in Sources */,
				4F5852872C8A4D4200FE2173 /* CacheError.swift in Sources */,
				4F58527C2C8A1E5000FE2173 /* CoreDataFeedStore.swift in Sources */,
				4F5852582C898DAE00FE2173 /* FeedStore.swift in Sources */,
				4FB051D22C8732FE004CEB29 /* TodoTask.swift in Sources */,
				4F58526A2C89EBF700FE2173 /* TasksFeedStore.xcdatamodeld in Sources */,
				4FB051D02C873210004CEB29 /* TasksLoader.swift in Sources */,
				4F5852602C89A70B00FE2173 /* TasksFeedCache.swift in Sources */,
				4F58527E2C8A1F5300FE2173 /* CoreDataHelpers.swift in Sources */,
				4FB052132C88E056004CEB29 /* HTTPURLResponse+StatusCode.swift in Sources */,
				4FB051E02C8795A7004CEB29 /* HTTPClient.swift in Sources */,
				4F5852782C89F67C00FE2173 /* ManagedCache.swift in Sources */,
				4F58527A2C89F67C00FE2173 /* ManagedTodoTask.swift in Sources */,
				4FB0520C2C88D503004CEB29 /* RemoteFeedLoader.swift in Sources */,
				4F58525A2C898DC400FE2173 /* LocalTodoTask.swift in Sources */,
				4FB051E32C87960D004CEB29 /* URLSessionHTTPClient.swift in Sources */,
				4F5852562C898D9400FE2173 /* LocalFeedLoader.swift in Sources */,
				4FB0520E2C88D536004CEB29 /* FeedTasksMapper.swift in Sources */,
			);
			runOnlyForDeploymentPostprocessing = 0;
		};
		4F620E9F2C86F62400F38AC9 /* Sources */ = {
			isa = PBXSourcesBuildPhase;
			buildActionMask = 2147483647;
			files = (
				4FCAC4882C88E932002CBBE7 /* FeedTasksMapperTests.swift in Sources */,
				4F5852802C8A36EE00FE2173 /* CoreDataFeedStoreTests.swift in Sources */,
				4FB051D82C87893E004CEB29 /* URLProtocolStub.swift in Sources */,
				4F5852622C89D4EF00FE2173 /* DeleteFeedUseCaseTests.swift in Sources */,
				4FCAC48E2C88EA74002CBBE7 /* FeedStoreSpy.swift in Sources */,
				4FB051DD2C878E9B004CEB29 /* XCTestCase+MemoryLeakTracking.swift in Sources */,
				4FB051D52C8788D1004CEB29 /* URLSessionHTTPClientTests.swift in Sources */,
				4F5852642C89DA6900FE2173 /* UpdateFeedUseCaseTests.swift in Sources */,
				4F5852832C8A388B00FE2173 /* FeedStoreSpecs.swift in Sources */,
				4F58525C2C8993B400FE2173 /* CacheFeedUseCaseTests.swift in Sources */,
				4FCAC4862C88E91E002CBBE7 /* LoadFeedFromRemoteUseCaseTests.swift in Sources */,
				4FB051DB2C878B09004CEB29 /* SharedTestHelpers.swift in Sources */,
				4F58525E2C8993EE00FE2173 /* FeedCacheTestHelpers.swift in Sources */,
				4FCAC48B2C88E9A6002CBBE7 /* LoadFeedFromCacheUseCaseTests.swift in Sources */,
			);
			runOnlyForDeploymentPostprocessing = 0;
		};
/* End PBXSourcesBuildPhase section */

/* Begin PBXTargetDependency section */
		4F3C7B702C8E0DC500291DCA /* PBXTargetDependency */ = {
			isa = PBXTargetDependency;
			target = 4F3C7B652C8E0DC500291DCA /* EffectiveMobileTodoListiOS */;
			targetProxy = 4F3C7B6F2C8E0DC500291DCA /* PBXContainerItemProxy */;
		};
		4F61AB3E2C8E29B50040C357 /* PBXTargetDependency */ = {
			isa = PBXTargetDependency;
			target = 4F620E9A2C86F62400F38AC9 /* EffectiveMobileTodoList */;
			targetProxy = 4F61AB3D2C8E29B50040C357 /* PBXContainerItemProxy */;
		};
		4F620EA62C86F62400F38AC9 /* PBXTargetDependency */ = {
			isa = PBXTargetDependency;
			target = 4F620E9A2C86F62400F38AC9 /* EffectiveMobileTodoList */;
			targetProxy = 4F620EA52C86F62400F38AC9 /* PBXContainerItemProxy */;
		};
/* End PBXTargetDependency section */

/* Begin XCBuildConfiguration section */
		4F3C7B752C8E0DC500291DCA /* Debug */ = {
			isa = XCBuildConfiguration;
			buildSettings = {
				BUILD_LIBRARY_FOR_DISTRIBUTION = YES;
				CLANG_ENABLE_MODULES = YES;
				CODE_SIGN_STYLE = Automatic;
				CURRENT_PROJECT_VERSION = 1;
				DEFINES_MODULE = NO;
				DEVELOPMENT_TEAM = 5YJ9NPM7MQ;
				DYLIB_COMPATIBILITY_VERSION = 1;
				DYLIB_CURRENT_VERSION = 1;
				DYLIB_INSTALL_NAME_BASE = "@rpath";
				ENABLE_MODULE_VERIFIER = YES;
				FRAMEWORK_SEARCH_PATHS = (
					"$(inherited)",
					"$(SRCROOT)",
				);
				GENERATE_INFOPLIST_FILE = YES;
				INFOPLIST_KEY_NSHumanReadableCopyright = "";
				INSTALL_PATH = "$(LOCAL_LIBRARY_DIR)/Frameworks";
				IPHONEOS_DEPLOYMENT_TARGET = 17.5;
				LD_RUNPATH_SEARCH_PATHS = (
					"$(inherited)",
					"@executable_path/Frameworks",
					"@loader_path/Frameworks",
				);
				MARKETING_VERSION = 1.0;
				MODULE_VERIFIER_SUPPORTED_LANGUAGES = "objective-c objective-c++";
				MODULE_VERIFIER_SUPPORTED_LANGUAGE_STANDARDS = "gnu17 gnu++20";
				PRODUCT_BUNDLE_IDENTIFIER = com.fenominall.EffectiveMobileTodoListiOS;
				PRODUCT_NAME = "$(TARGET_NAME:c99extidentifier)";
				SDKROOT = iphoneos;
				SKIP_INSTALL = YES;
				SUPPORTED_PLATFORMS = "iphonesimulator iphoneos macosx";
				SWIFT_EMIT_LOC_STRINGS = YES;
				SWIFT_INSTALL_OBJC_HEADER = NO;
				SWIFT_OPTIMIZATION_LEVEL = "-Onone";
				SWIFT_VERSION = 5.0;
				TARGETED_DEVICE_FAMILY = "1,2";
			};
			name = Debug;
		};
		4F3C7B762C8E0DC500291DCA /* Release */ = {
			isa = XCBuildConfiguration;
			buildSettings = {
				BUILD_LIBRARY_FOR_DISTRIBUTION = YES;
				CLANG_ENABLE_MODULES = YES;
				CODE_SIGN_STYLE = Automatic;
				CURRENT_PROJECT_VERSION = 1;
				DEFINES_MODULE = NO;
				DEVELOPMENT_TEAM = 5YJ9NPM7MQ;
				DYLIB_COMPATIBILITY_VERSION = 1;
				DYLIB_CURRENT_VERSION = 1;
				DYLIB_INSTALL_NAME_BASE = "@rpath";
				ENABLE_MODULE_VERIFIER = YES;
				FRAMEWORK_SEARCH_PATHS = (
					"$(inherited)",
					"$(SRCROOT)",
				);
				GENERATE_INFOPLIST_FILE = YES;
				INFOPLIST_KEY_NSHumanReadableCopyright = "";
				INSTALL_PATH = "$(LOCAL_LIBRARY_DIR)/Frameworks";
				IPHONEOS_DEPLOYMENT_TARGET = 17.5;
				LD_RUNPATH_SEARCH_PATHS = (
					"$(inherited)",
					"@executable_path/Frameworks",
					"@loader_path/Frameworks",
				);
				MARKETING_VERSION = 1.0;
				MODULE_VERIFIER_SUPPORTED_LANGUAGES = "objective-c objective-c++";
				MODULE_VERIFIER_SUPPORTED_LANGUAGE_STANDARDS = "gnu17 gnu++20";
				PRODUCT_BUNDLE_IDENTIFIER = com.fenominall.EffectiveMobileTodoListiOS;
				PRODUCT_NAME = "$(TARGET_NAME:c99extidentifier)";
				SDKROOT = iphoneos;
				SKIP_INSTALL = YES;
				SUPPORTED_PLATFORMS = "iphonesimulator iphoneos macosx";
				SWIFT_EMIT_LOC_STRINGS = YES;
				SWIFT_INSTALL_OBJC_HEADER = NO;
				SWIFT_VERSION = 5.0;
				TARGETED_DEVICE_FAMILY = "1,2";
				VALIDATE_PRODUCT = YES;
			};
			name = Release;
		};
		4F3C7B772C8E0DC500291DCA /* Debug */ = {
			isa = XCBuildConfiguration;
			buildSettings = {
				ALWAYS_EMBED_SWIFT_STANDARD_LIBRARIES = YES;
				CODE_SIGN_STYLE = Automatic;
				CURRENT_PROJECT_VERSION = 1;
				DEVELOPMENT_TEAM = 5YJ9NPM7MQ;
				GENERATE_INFOPLIST_FILE = YES;
				IPHONEOS_DEPLOYMENT_TARGET = 17.5;
				MARKETING_VERSION = 1.0;
				PRODUCT_BUNDLE_IDENTIFIER = com.fenominall.EffectiveMobileTodoListiOSTests;
				PRODUCT_NAME = "$(TARGET_NAME)";
				SDKROOT = iphoneos;
				SWIFT_EMIT_LOC_STRINGS = NO;
				SWIFT_VERSION = 5.0;
				TARGETED_DEVICE_FAMILY = "1,2";
			};
			name = Debug;
		};
		4F3C7B782C8E0DC500291DCA /* Release */ = {
			isa = XCBuildConfiguration;
			buildSettings = {
				ALWAYS_EMBED_SWIFT_STANDARD_LIBRARIES = YES;
				CODE_SIGN_STYLE = Automatic;
				CURRENT_PROJECT_VERSION = 1;
				DEVELOPMENT_TEAM = 5YJ9NPM7MQ;
				GENERATE_INFOPLIST_FILE = YES;
				IPHONEOS_DEPLOYMENT_TARGET = 17.5;
				MARKETING_VERSION = 1.0;
				PRODUCT_BUNDLE_IDENTIFIER = com.fenominall.EffectiveMobileTodoListiOSTests;
				PRODUCT_NAME = "$(TARGET_NAME)";
				SDKROOT = iphoneos;
				SWIFT_EMIT_LOC_STRINGS = NO;
				SWIFT_VERSION = 5.0;
				TARGETED_DEVICE_FAMILY = "1,2";
				VALIDATE_PRODUCT = YES;
			};
			name = Release;
		};
		4F620EAB2C86F62400F38AC9 /* Debug */ = {
			isa = XCBuildConfiguration;
			buildSettings = {
				ALWAYS_SEARCH_USER_PATHS = NO;
				ASSETCATALOG_COMPILER_GENERATE_SWIFT_ASSET_SYMBOL_EXTENSIONS = YES;
				CLANG_ANALYZER_NONNULL = YES;
				CLANG_ANALYZER_NUMBER_OBJECT_CONVERSION = YES_AGGRESSIVE;
				CLANG_CXX_LANGUAGE_STANDARD = "gnu++20";
				CLANG_ENABLE_MODULES = YES;
				CLANG_ENABLE_OBJC_ARC = YES;
				CLANG_ENABLE_OBJC_WEAK = YES;
				CLANG_WARN_BLOCK_CAPTURE_AUTORELEASING = YES;
				CLANG_WARN_BOOL_CONVERSION = YES;
				CLANG_WARN_COMMA = YES;
				CLANG_WARN_CONSTANT_CONVERSION = YES;
				CLANG_WARN_DEPRECATED_OBJC_IMPLEMENTATIONS = YES;
				CLANG_WARN_DIRECT_OBJC_ISA_USAGE = YES_ERROR;
				CLANG_WARN_DOCUMENTATION_COMMENTS = YES;
				CLANG_WARN_EMPTY_BODY = YES;
				CLANG_WARN_ENUM_CONVERSION = YES;
				CLANG_WARN_INFINITE_RECURSION = YES;
				CLANG_WARN_INT_CONVERSION = YES;
				CLANG_WARN_NON_LITERAL_NULL_CONVERSION = YES;
				CLANG_WARN_OBJC_IMPLICIT_RETAIN_SELF = YES;
				CLANG_WARN_OBJC_LITERAL_CONVERSION = YES;
				CLANG_WARN_OBJC_ROOT_CLASS = YES_ERROR;
				CLANG_WARN_QUOTED_INCLUDE_IN_FRAMEWORK_HEADER = YES;
				CLANG_WARN_RANGE_LOOP_ANALYSIS = YES;
				CLANG_WARN_STRICT_PROTOTYPES = YES;
				CLANG_WARN_SUSPICIOUS_MOVE = YES;
				CLANG_WARN_UNGUARDED_AVAILABILITY = YES_AGGRESSIVE;
				CLANG_WARN_UNREACHABLE_CODE = YES;
				CLANG_WARN__DUPLICATE_METHOD_MATCH = YES;
				COPY_PHASE_STRIP = NO;
				CURRENT_PROJECT_VERSION = 1;
				DEBUG_INFORMATION_FORMAT = dwarf;
				ENABLE_STRICT_OBJC_MSGSEND = YES;
				ENABLE_TESTABILITY = YES;
				ENABLE_USER_SCRIPT_SANDBOXING = YES;
				FRAMEWORK_SEARCH_PATHS = (
					"$(inherited)",
					"$(SRCROOT)",
				);
				GCC_C_LANGUAGE_STANDARD = gnu17;
				GCC_DYNAMIC_NO_PIC = NO;
				GCC_NO_COMMON_BLOCKS = YES;
				GCC_OPTIMIZATION_LEVEL = 0;
				GCC_PREPROCESSOR_DEFINITIONS = (
					"DEBUG=1",
					"$(inherited)",
				);
				GCC_WARN_64_TO_32_BIT_CONVERSION = YES;
				GCC_WARN_ABOUT_RETURN_TYPE = YES_ERROR;
				GCC_WARN_UNDECLARED_SELECTOR = YES;
				GCC_WARN_UNINITIALIZED_AUTOS = YES_AGGRESSIVE;
				GCC_WARN_UNUSED_FUNCTION = YES;
				GCC_WARN_UNUSED_VARIABLE = YES;
				LOCALIZATION_PREFERS_STRING_CATALOGS = YES;
				MACOSX_DEPLOYMENT_TARGET = 14.5;
				MTL_ENABLE_DEBUG_INFO = INCLUDE_SOURCE;
				MTL_FAST_MATH = YES;
				ONLY_ACTIVE_ARCH = YES;
				SDKROOT = macosx;
				SUPPORTED_PLATFORMS = "macosx iphonesimulator iphoneos";
				SWIFT_ACTIVE_COMPILATION_CONDITIONS = "DEBUG $(inherited)";
				SWIFT_OPTIMIZATION_LEVEL = "-Onone";
				VERSIONING_SYSTEM = "apple-generic";
				VERSION_INFO_PREFIX = "";
			};
			name = Debug;
		};
		4F620EAC2C86F62400F38AC9 /* Release */ = {
			isa = XCBuildConfiguration;
			buildSettings = {
				ALWAYS_SEARCH_USER_PATHS = NO;
				ASSETCATALOG_COMPILER_GENERATE_SWIFT_ASSET_SYMBOL_EXTENSIONS = YES;
				CLANG_ANALYZER_NONNULL = YES;
				CLANG_ANALYZER_NUMBER_OBJECT_CONVERSION = YES_AGGRESSIVE;
				CLANG_CXX_LANGUAGE_STANDARD = "gnu++20";
				CLANG_ENABLE_MODULES = YES;
				CLANG_ENABLE_OBJC_ARC = YES;
				CLANG_ENABLE_OBJC_WEAK = YES;
				CLANG_WARN_BLOCK_CAPTURE_AUTORELEASING = YES;
				CLANG_WARN_BOOL_CONVERSION = YES;
				CLANG_WARN_COMMA = YES;
				CLANG_WARN_CONSTANT_CONVERSION = YES;
				CLANG_WARN_DEPRECATED_OBJC_IMPLEMENTATIONS = YES;
				CLANG_WARN_DIRECT_OBJC_ISA_USAGE = YES_ERROR;
				CLANG_WARN_DOCUMENTATION_COMMENTS = YES;
				CLANG_WARN_EMPTY_BODY = YES;
				CLANG_WARN_ENUM_CONVERSION = YES;
				CLANG_WARN_INFINITE_RECURSION = YES;
				CLANG_WARN_INT_CONVERSION = YES;
				CLANG_WARN_NON_LITERAL_NULL_CONVERSION = YES;
				CLANG_WARN_OBJC_IMPLICIT_RETAIN_SELF = YES;
				CLANG_WARN_OBJC_LITERAL_CONVERSION = YES;
				CLANG_WARN_OBJC_ROOT_CLASS = YES_ERROR;
				CLANG_WARN_QUOTED_INCLUDE_IN_FRAMEWORK_HEADER = YES;
				CLANG_WARN_RANGE_LOOP_ANALYSIS = YES;
				CLANG_WARN_STRICT_PROTOTYPES = YES;
				CLANG_WARN_SUSPICIOUS_MOVE = YES;
				CLANG_WARN_UNGUARDED_AVAILABILITY = YES_AGGRESSIVE;
				CLANG_WARN_UNREACHABLE_CODE = YES;
				CLANG_WARN__DUPLICATE_METHOD_MATCH = YES;
				COPY_PHASE_STRIP = NO;
				CURRENT_PROJECT_VERSION = 1;
				DEBUG_INFORMATION_FORMAT = "dwarf-with-dsym";
				ENABLE_NS_ASSERTIONS = NO;
				ENABLE_STRICT_OBJC_MSGSEND = YES;
				ENABLE_USER_SCRIPT_SANDBOXING = YES;
				FRAMEWORK_SEARCH_PATHS = (
					"$(inherited)",
					"$(SRCROOT)",
				);
				GCC_C_LANGUAGE_STANDARD = gnu17;
				GCC_NO_COMMON_BLOCKS = YES;
				GCC_WARN_64_TO_32_BIT_CONVERSION = YES;
				GCC_WARN_ABOUT_RETURN_TYPE = YES_ERROR;
				GCC_WARN_UNDECLARED_SELECTOR = YES;
				GCC_WARN_UNINITIALIZED_AUTOS = YES_AGGRESSIVE;
				GCC_WARN_UNUSED_FUNCTION = YES;
				GCC_WARN_UNUSED_VARIABLE = YES;
				LOCALIZATION_PREFERS_STRING_CATALOGS = YES;
				MACOSX_DEPLOYMENT_TARGET = 14.5;
				MTL_ENABLE_DEBUG_INFO = NO;
				MTL_FAST_MATH = YES;
				SDKROOT = macosx;
				SUPPORTED_PLATFORMS = "macosx iphonesimulator iphoneos";
				SWIFT_COMPILATION_MODE = wholemodule;
				VERSIONING_SYSTEM = "apple-generic";
				VERSION_INFO_PREFIX = "";
			};
			name = Release;
		};
		4F620EAE2C86F62400F38AC9 /* Debug */ = {
			isa = XCBuildConfiguration;
			buildSettings = {
				BUILD_LIBRARY_FOR_DISTRIBUTION = YES;
				CLANG_ENABLE_MODULES = YES;
				CODE_SIGN_STYLE = Automatic;
				COMBINE_HIDPI_IMAGES = YES;
				CURRENT_PROJECT_VERSION = 1;
				DEFINES_MODULE = YES;
				DEVELOPMENT_TEAM = 5YJ9NPM7MQ;
				DYLIB_COMPATIBILITY_VERSION = 1;
				DYLIB_CURRENT_VERSION = 1;
				DYLIB_INSTALL_NAME_BASE = "@rpath";
				ENABLE_MODULE_VERIFIER = YES;
				FRAMEWORK_SEARCH_PATHS = (
					"$(SRCROOT)",
					"$(inherited)",
				);
				GENERATE_INFOPLIST_FILE = YES;
				INFOPLIST_KEY_NSHumanReadableCopyright = "";
				INSTALL_PATH = "$(LOCAL_LIBRARY_DIR)/Frameworks";
				LD_RUNPATH_SEARCH_PATHS = (
					"$(inherited)",
					"@executable_path/../Frameworks",
					"@loader_path/Frameworks",
				);
				MARKETING_VERSION = 1.0;
				MODULE_VERIFIER_SUPPORTED_LANGUAGES = "objective-c objective-c++";
				MODULE_VERIFIER_SUPPORTED_LANGUAGE_STANDARDS = "gnu17 gnu++20";
				PRODUCT_BUNDLE_IDENTIFIER = com.fenominall.EffectiveMobileTodoList;
				PRODUCT_NAME = "$(TARGET_NAME:c99extidentifier)";
				SKIP_INSTALL = YES;
				SWIFT_EMIT_LOC_STRINGS = YES;
				SWIFT_INSTALL_OBJC_HEADER = NO;
				SWIFT_OPTIMIZATION_LEVEL = "-Onone";
				SWIFT_VERSION = 5.0;
			};
			name = Debug;
		};
		4F620EAF2C86F62400F38AC9 /* Release */ = {
			isa = XCBuildConfiguration;
			buildSettings = {
				BUILD_LIBRARY_FOR_DISTRIBUTION = YES;
				CLANG_ENABLE_MODULES = YES;
				CODE_SIGN_STYLE = Automatic;
				COMBINE_HIDPI_IMAGES = YES;
				CURRENT_PROJECT_VERSION = 1;
				DEFINES_MODULE = YES;
				DEVELOPMENT_TEAM = 5YJ9NPM7MQ;
				DYLIB_COMPATIBILITY_VERSION = 1;
				DYLIB_CURRENT_VERSION = 1;
				DYLIB_INSTALL_NAME_BASE = "@rpath";
				ENABLE_MODULE_VERIFIER = YES;
				FRAMEWORK_SEARCH_PATHS = (
					"$(SRCROOT)",
					"$(inherited)",
				);
				GENERATE_INFOPLIST_FILE = YES;
				INFOPLIST_KEY_NSHumanReadableCopyright = "";
				INSTALL_PATH = "$(LOCAL_LIBRARY_DIR)/Frameworks";
				LD_RUNPATH_SEARCH_PATHS = (
					"$(inherited)",
					"@executable_path/../Frameworks",
					"@loader_path/Frameworks",
				);
				MARKETING_VERSION = 1.0;
				MODULE_VERIFIER_SUPPORTED_LANGUAGES = "objective-c objective-c++";
				MODULE_VERIFIER_SUPPORTED_LANGUAGE_STANDARDS = "gnu17 gnu++20";
				PRODUCT_BUNDLE_IDENTIFIER = com.fenominall.EffectiveMobileTodoList;
				PRODUCT_NAME = "$(TARGET_NAME:c99extidentifier)";
				SKIP_INSTALL = YES;
				SWIFT_EMIT_LOC_STRINGS = YES;
				SWIFT_INSTALL_OBJC_HEADER = NO;
				SWIFT_VERSION = 5.0;
			};
			name = Release;
		};
		4F620EB12C86F62400F38AC9 /* Debug */ = {
			isa = XCBuildConfiguration;
			buildSettings = {
				ALWAYS_EMBED_SWIFT_STANDARD_LIBRARIES = YES;
				CLANG_ENABLE_MODULES = YES;
				CODE_SIGN_STYLE = Automatic;
				CURRENT_PROJECT_VERSION = 1;
				DEVELOPMENT_TEAM = 5YJ9NPM7MQ;
				GENERATE_INFOPLIST_FILE = YES;
				MARKETING_VERSION = 1.0;
				PRODUCT_BUNDLE_IDENTIFIER = com.fenominall.EffectiveMobileTodoListTests;
				PRODUCT_NAME = "$(TARGET_NAME)";
				SWIFT_EMIT_LOC_STRINGS = NO;
				SWIFT_OPTIMIZATION_LEVEL = "-Onone";
				SWIFT_VERSION = 5.0;
			};
			name = Debug;
		};
		4F620EB22C86F62400F38AC9 /* Release */ = {
			isa = XCBuildConfiguration;
			buildSettings = {
				ALWAYS_EMBED_SWIFT_STANDARD_LIBRARIES = YES;
				CLANG_ENABLE_MODULES = YES;
				CODE_SIGN_STYLE = Automatic;
				CURRENT_PROJECT_VERSION = 1;
				DEVELOPMENT_TEAM = 5YJ9NPM7MQ;
				GENERATE_INFOPLIST_FILE = YES;
				MARKETING_VERSION = 1.0;
				PRODUCT_BUNDLE_IDENTIFIER = com.fenominall.EffectiveMobileTodoListTests;
				PRODUCT_NAME = "$(TARGET_NAME)";
				SWIFT_EMIT_LOC_STRINGS = NO;
				SWIFT_VERSION = 5.0;
			};
			name = Release;
		};
/* End XCBuildConfiguration section */

/* Begin XCConfigurationList section */
		4F3C7B792C8E0DC500291DCA /* Build configuration list for PBXNativeTarget "EffectiveMobileTodoListiOS" */ = {
			isa = XCConfigurationList;
			buildConfigurations = (
				4F3C7B752C8E0DC500291DCA /* Debug */,
				4F3C7B762C8E0DC500291DCA /* Release */,
			);
			defaultConfigurationIsVisible = 0;
			defaultConfigurationName = Release;
		};
		4F3C7B7A2C8E0DC500291DCA /* Build configuration list for PBXNativeTarget "EffectiveMobileTodoListiOSTests" */ = {
			isa = XCConfigurationList;
			buildConfigurations = (
				4F3C7B772C8E0DC500291DCA /* Debug */,
				4F3C7B782C8E0DC500291DCA /* Release */,
			);
			defaultConfigurationIsVisible = 0;
			defaultConfigurationName = Release;
		};
		4F620E952C86F62400F38AC9 /* Build configuration list for PBXProject "EffectiveMobileTodoList" */ = {
			isa = XCConfigurationList;
			buildConfigurations = (
				4F620EAB2C86F62400F38AC9 /* Debug */,
				4F620EAC2C86F62400F38AC9 /* Release */,
			);
			defaultConfigurationIsVisible = 0;
			defaultConfigurationName = Release;
		};
		4F620EAD2C86F62400F38AC9 /* Build configuration list for PBXNativeTarget "EffectiveMobileTodoList" */ = {
			isa = XCConfigurationList;
			buildConfigurations = (
				4F620EAE2C86F62400F38AC9 /* Debug */,
				4F620EAF2C86F62400F38AC9 /* Release */,
			);
			defaultConfigurationIsVisible = 0;
			defaultConfigurationName = Release;
		};
		4F620EB02C86F62400F38AC9 /* Build configuration list for PBXNativeTarget "EffectiveMobileTodoListTests" */ = {
			isa = XCConfigurationList;
			buildConfigurations = (
				4F620EB12C86F62400F38AC9 /* Debug */,
				4F620EB22C86F62400F38AC9 /* Release */,
			);
			defaultConfigurationIsVisible = 0;
			defaultConfigurationName = Release;
		};
/* End XCConfigurationList section */

/* Begin XCVersionGroup section */
		4F5852682C89EBF700FE2173 /* TasksFeedStore.xcdatamodeld */ = {
			isa = XCVersionGroup;
			children = (
				4F5852692C89EBF700FE2173 /* TasksFeedStore.xcdatamodel */,
			);
			currentVersion = 4F5852692C89EBF700FE2173 /* TasksFeedStore.xcdatamodel */;
			name = TasksFeedStore.xcdatamodeld;
			path = "/Users/fenominall/Library/Mobile Documents/com~apple~CloudDocs/Documents/EffectiveMobileTodoList/EffectiveMobileTodoList/EffectiveMobileTodoList/Feed Cache/Infrastructure/CoreData/TasksFeedStore.xcdatamodeld";
			sourceTree = "<group>";
			versionGroupType = wrapper.xcdatamodel;
		};
/* End XCVersionGroup section */
	};
	rootObject = 4F620E922C86F62400F38AC9 /* Project object */;
}
