// !$*UTF8*$!
{
	archiveVersion = 1;
	classes = {
	};
	objectVersion = 56;
	objects = {

/* Begin PBXBuildFile section */
		4F8ADFEF2C9C541800410775 /* FeedUIUpdateNotifier.swift in Sources */ = {isa = PBXBuildFile; fileRef = 4F8ADFEE2C9C541800410775 /* FeedUIUpdateNotifier.swift */; };
		4F8ADFF12C9C58A100410775 /* SubscriptionManager.swift in Sources */ = {isa = PBXBuildFile; fileRef = 4F8ADFF02C9C58A100410775 /* SubscriptionManager.swift */; };
		4FBB50C12C8F4464002A23E9 /* AppDelegate.swift in Sources */ = {isa = PBXBuildFile; fileRef = 4FBB50C02C8F4464002A23E9 /* AppDelegate.swift */; };
		4FBB50C32C8F4464002A23E9 /* SceneDelegate.swift in Sources */ = {isa = PBXBuildFile; fileRef = 4FBB50C22C8F4464002A23E9 /* SceneDelegate.swift */; };
		4FBB50CA2C8F4465002A23E9 /* Assets.xcassets in Resources */ = {isa = PBXBuildFile; fileRef = 4FBB50C92C8F4465002A23E9 /* Assets.xcassets */; };
		4FBB50CD2C8F4465002A23E9 /* Base in Resources */ = {isa = PBXBuildFile; fileRef = 4FBB50CC2C8F4465002A23E9 /* Base */; };
		4FBB50F12C8F6E33002A23E9 /* WeakRefVirtualProxy.swift in Sources */ = {isa = PBXBuildFile; fileRef = 4FBB50F02C8F6E33002A23E9 /* WeakRefVirtualProxy.swift */; };
		4FBB50F42C8F7283002A23E9 /* MainQueueDispatchDecorator.swift in Sources */ = {isa = PBXBuildFile; fileRef = 4FBB50F32C8F7283002A23E9 /* MainQueueDispatchDecorator.swift */; };
		4FBB50F62C8F7463002A23E9 /* TasksFeedUIComposer.swift in Sources */ = {isa = PBXBuildFile; fileRef = 4FBB50F52C8F7463002A23E9 /* TasksFeedUIComposer.swift */; };
		4FC06EAF2C8F77D40034F364 /* EffectiveMobileTodoList.framework in Frameworks */ = {isa = PBXBuildFile; fileRef = 4FC06EAE2C8F77D40034F364 /* EffectiveMobileTodoList.framework */; };
		4FC06EB02C8F77D40034F364 /* EffectiveMobileTodoList.framework in Embed Frameworks */ = {isa = PBXBuildFile; fileRef = 4FC06EAE2C8F77D40034F364 /* EffectiveMobileTodoList.framework */; settings = {ATTRIBUTES = (CodeSignOnCopy, RemoveHeadersOnCopy, ); }; };
		4FC06EB32C8F77D70034F364 /* EffectiveMobileTodoListiOS.framework in Frameworks */ = {isa = PBXBuildFile; fileRef = 4FC06EB22C8F77D70034F364 /* EffectiveMobileTodoListiOS.framework */; };
		4FC06EB42C8F77D70034F364 /* EffectiveMobileTodoListiOS.framework in Embed Frameworks */ = {isa = PBXBuildFile; fileRef = 4FC06EB22C8F77D70034F364 /* EffectiveMobileTodoListiOS.framework */; settings = {ATTRIBUTES = (CodeSignOnCopy, RemoveHeadersOnCopy, ); }; };
		4FC06EB72C8F7F280034F364 /* TasksFeedViewAdapter.swift in Sources */ = {isa = PBXBuildFile; fileRef = 4FC06EB62C8F7F280034F364 /* TasksFeedViewAdapter.swift */; };
		4FC06EB92C8F842B0034F364 /* NullStore.swift in Sources */ = {isa = PBXBuildFile; fileRef = 4FC06EB82C8F842A0034F364 /* NullStore.swift */; };
		4FC06EBB2C902B920034F364 /* TasksFeedLoaderWithFallbackComposite.swift in Sources */ = {isa = PBXBuildFile; fileRef = 4FC06EBA2C902B920034F364 /* TasksFeedLoaderWithFallbackComposite.swift */; };
		4FC06EBD2C902C600034F364 /* TasksFeedLoaderCacheDecorator.swift in Sources */ = {isa = PBXBuildFile; fileRef = 4FC06EBC2C902C600034F364 /* TasksFeedLoaderCacheDecorator.swift */; };
		4FC06ECB2C9575260034F364 /* AddTaskUIComposer.swift in Sources */ = {isa = PBXBuildFile; fileRef = 4FC06ECA2C9575260034F364 /* AddTaskUIComposer.swift */; };
		4FC06EDB2C96A0830034F364 /* EditTaskUIComposer.swift in Sources */ = {isa = PBXBuildFile; fileRef = 4FC06EDA2C96A0830034F364 /* EditTaskUIComposer.swift */; };
		4FC06EE22C98B7520034F364 /* FeedLoaderFactory.swift in Sources */ = {isa = PBXBuildFile; fileRef = 4FC06EE12C98B7520034F364 /* FeedLoaderFactory.swift */; };
		4FC06EE42C98B7670034F364 /* FirstLaunchManager.swift in Sources */ = {isa = PBXBuildFile; fileRef = 4FC06EE32C98B7670034F364 /* FirstLaunchManager.swift */; };
/* End PBXBuildFile section */

/* Begin PBXCopyFilesBuildPhase section */
		4FC06EB12C8F77D40034F364 /* Embed Frameworks */ = {
			isa = PBXCopyFilesBuildPhase;
			buildActionMask = 2147483647;
			dstPath = "";
			dstSubfolderSpec = 10;
			files = (
				4FC06EB42C8F77D70034F364 /* EffectiveMobileTodoListiOS.framework in Embed Frameworks */,
				4FC06EB02C8F77D40034F364 /* EffectiveMobileTodoList.framework in Embed Frameworks */,
			);
			name = "Embed Frameworks";
			runOnlyForDeploymentPostprocessing = 0;
		};
/* End PBXCopyFilesBuildPhase section */

/* Begin PBXFileReference section */
		4F8ADFEE2C9C541800410775 /* FeedUIUpdateNotifier.swift */ = {isa = PBXFileReference; lastKnownFileType = sourcecode.swift; path = FeedUIUpdateNotifier.swift; sourceTree = "<group>"; };
		4F8ADFF02C9C58A100410775 /* SubscriptionManager.swift */ = {isa = PBXFileReference; lastKnownFileType = sourcecode.swift; path = SubscriptionManager.swift; sourceTree = "<group>"; };
		4FBB50BD2C8F4464002A23E9 /* EffectiveMobileTodoListApp.app */ = {isa = PBXFileReference; explicitFileType = wrapper.application; includeInIndex = 0; path = EffectiveMobileTodoListApp.app; sourceTree = BUILT_PRODUCTS_DIR; };
		4FBB50C02C8F4464002A23E9 /* AppDelegate.swift */ = {isa = PBXFileReference; lastKnownFileType = sourcecode.swift; path = AppDelegate.swift; sourceTree = "<group>"; };
		4FBB50C22C8F4464002A23E9 /* SceneDelegate.swift */ = {isa = PBXFileReference; lastKnownFileType = sourcecode.swift; path = SceneDelegate.swift; sourceTree = "<group>"; };
		4FBB50C92C8F4465002A23E9 /* Assets.xcassets */ = {isa = PBXFileReference; lastKnownFileType = folder.assetcatalog; path = Assets.xcassets; sourceTree = "<group>"; };
		4FBB50CC2C8F4465002A23E9 /* Base */ = {isa = PBXFileReference; lastKnownFileType = file.storyboard; name = Base; path = Base.lproj/LaunchScreen.storyboard; sourceTree = "<group>"; };
		4FBB50CE2C8F4465002A23E9 /* Info.plist */ = {isa = PBXFileReference; lastKnownFileType = text.plist.xml; path = Info.plist; sourceTree = "<group>"; };
		4FBB50F02C8F6E33002A23E9 /* WeakRefVirtualProxy.swift */ = {isa = PBXFileReference; lastKnownFileType = sourcecode.swift; path = WeakRefVirtualProxy.swift; sourceTree = "<group>"; };
		4FBB50F32C8F7283002A23E9 /* MainQueueDispatchDecorator.swift */ = {isa = PBXFileReference; lastKnownFileType = sourcecode.swift; path = MainQueueDispatchDecorator.swift; sourceTree = "<group>"; };
		4FBB50F52C8F7463002A23E9 /* TasksFeedUIComposer.swift */ = {isa = PBXFileReference; lastKnownFileType = sourcecode.swift; path = TasksFeedUIComposer.swift; sourceTree = "<group>"; };
		4FC06EAE2C8F77D40034F364 /* EffectiveMobileTodoList.framework */ = {isa = PBXFileReference; explicitFileType = wrapper.framework; path = EffectiveMobileTodoList.framework; sourceTree = BUILT_PRODUCTS_DIR; };
		4FC06EB22C8F77D70034F364 /* EffectiveMobileTodoListiOS.framework */ = {isa = PBXFileReference; explicitFileType = wrapper.framework; path = EffectiveMobileTodoListiOS.framework; sourceTree = BUILT_PRODUCTS_DIR; };
		4FC06EB62C8F7F280034F364 /* TasksFeedViewAdapter.swift */ = {isa = PBXFileReference; lastKnownFileType = sourcecode.swift; path = TasksFeedViewAdapter.swift; sourceTree = "<group>"; };
		4FC06EB82C8F842A0034F364 /* NullStore.swift */ = {isa = PBXFileReference; lastKnownFileType = sourcecode.swift; path = NullStore.swift; sourceTree = "<group>"; };
		4FC06EBA2C902B920034F364 /* TasksFeedLoaderWithFallbackComposite.swift */ = {isa = PBXFileReference; lastKnownFileType = sourcecode.swift; path = TasksFeedLoaderWithFallbackComposite.swift; sourceTree = "<group>"; };
		4FC06EBC2C902C600034F364 /* TasksFeedLoaderCacheDecorator.swift */ = {isa = PBXFileReference; lastKnownFileType = sourcecode.swift; path = TasksFeedLoaderCacheDecorator.swift; sourceTree = "<group>"; };
		4FC06ECA2C9575260034F364 /* AddTaskUIComposer.swift */ = {isa = PBXFileReference; lastKnownFileType = sourcecode.swift; path = AddTaskUIComposer.swift; sourceTree = "<group>"; };
		4FC06EDA2C96A0830034F364 /* EditTaskUIComposer.swift */ = {isa = PBXFileReference; lastKnownFileType = sourcecode.swift; path = EditTaskUIComposer.swift; sourceTree = "<group>"; };
		4FC06EE12C98B7520034F364 /* FeedLoaderFactory.swift */ = {isa = PBXFileReference; lastKnownFileType = sourcecode.swift; path = FeedLoaderFactory.swift; sourceTree = "<group>"; };
		4FC06EE32C98B7670034F364 /* FirstLaunchManager.swift */ = {isa = PBXFileReference; lastKnownFileType = sourcecode.swift; path = FirstLaunchManager.swift; sourceTree = "<group>"; };
/* End PBXFileReference section */

/* Begin PBXFrameworksBuildPhase section */
		4FBB50BA2C8F4464002A23E9 /* Frameworks */ = {
			isa = PBXFrameworksBuildPhase;
			buildActionMask = 2147483647;
			files = (
				4FC06EB32C8F77D70034F364 /* EffectiveMobileTodoListiOS.framework in Frameworks */,
				4FC06EAF2C8F77D40034F364 /* EffectiveMobileTodoList.framework in Frameworks */,
			);
			runOnlyForDeploymentPostprocessing = 0;
		};
/* End PBXFrameworksBuildPhase section */

/* Begin PBXGroup section */
		4FBB50B42C8F4464002A23E9 = {
			isa = PBXGroup;
			children = (
				4FBB50BF2C8F4464002A23E9 /* EffectiveMobileTodoListApp */,
				4FBB50BE2C8F4464002A23E9 /* Products */,
				4FC06EAD2C8F77D40034F364 /* Frameworks */,
			);
			sourceTree = "<group>";
		};
		4FBB50BE2C8F4464002A23E9 /* Products */ = {
			isa = PBXGroup;
			children = (
				4FBB50BD2C8F4464002A23E9 /* EffectiveMobileTodoListApp.app */,
			);
			name = Products;
			sourceTree = "<group>";
		};
		4FBB50BF2C8F4464002A23E9 /* EffectiveMobileTodoListApp */ = {
			isa = PBXGroup;
			children = (
				4FBB50F22C8F7277002A23E9 /* Shared Helpers */,
				4FBB50C02C8F4464002A23E9 /* AppDelegate.swift */,
				4FBB50C22C8F4464002A23E9 /* SceneDelegate.swift */,
				4FC06EC72C9574210034F364 /* Add Task UI Composer */,
				4FC06ED92C96A0700034F364 /* Edit Task UI Composer */,
				4FC06EB52C8F7F110034F364 /* Tasks Feed UI Composer */,
				4FBB50C92C8F4465002A23E9 /* Assets.xcassets */,
				4FBB50CB2C8F4465002A23E9 /* LaunchScreen.storyboard */,
				4FBB50CE2C8F4465002A23E9 /* Info.plist */,
			);
			path = EffectiveMobileTodoListApp;
			sourceTree = "<group>";
		};
		4FBB50F22C8F7277002A23E9 /* Shared Helpers */ = {
			isa = PBXGroup;
			children = (
				4FBB50F02C8F6E33002A23E9 /* WeakRefVirtualProxy.swift */,
				4FBB50F32C8F7283002A23E9 /* MainQueueDispatchDecorator.swift */,
				4FC06EB82C8F842A0034F364 /* NullStore.swift */,
				4FC06EE12C98B7520034F364 /* FeedLoaderFactory.swift */,
				4FC06EE32C98B7670034F364 /* FirstLaunchManager.swift */,
				4F8ADFEE2C9C541800410775 /* FeedUIUpdateNotifier.swift */,
				4F8ADFF02C9C58A100410775 /* SubscriptionManager.swift */,
			);
			path = "Shared Helpers";
			sourceTree = "<group>";
		};
		4FC06EAD2C8F77D40034F364 /* Frameworks */ = {
			isa = PBXGroup;
			children = (
				4FC06EB22C8F77D70034F364 /* EffectiveMobileTodoListiOS.framework */,
				4FC06EAE2C8F77D40034F364 /* EffectiveMobileTodoList.framework */,
			);
			name = Frameworks;
			sourceTree = "<group>";
		};
		4FC06EB52C8F7F110034F364 /* Tasks Feed UI Composer */ = {
			isa = PBXGroup;
			children = (
				4FBB50F52C8F7463002A23E9 /* TasksFeedUIComposer.swift */,
				4FC06EB62C8F7F280034F364 /* TasksFeedViewAdapter.swift */,
				4FC06EBA2C902B920034F364 /* TasksFeedLoaderWithFallbackComposite.swift */,
				4FC06EBC2C902C600034F364 /* TasksFeedLoaderCacheDecorator.swift */,
			);
			path = "Tasks Feed UI Composer";
			sourceTree = "<group>";
		};
		4FC06EC72C9574210034F364 /* Add Task UI Composer */ = {
			isa = PBXGroup;
			children = (
				4FC06ECA2C9575260034F364 /* AddTaskUIComposer.swift */,
			);
			path = "Add Task UI Composer";
			sourceTree = "<group>";
		};
		4FC06ED92C96A0700034F364 /* Edit Task UI Composer */ = {
			isa = PBXGroup;
			children = (
				4FC06EDA2C96A0830034F364 /* EditTaskUIComposer.swift */,
			);
			path = "Edit Task UI Composer";
			sourceTree = "<group>";
		};
/* End PBXGroup section */

/* Begin PBXNativeTarget section */
		4FBB50BC2C8F4464002A23E9 /* EffectiveMobileTodoListApp */ = {
			isa = PBXNativeTarget;
			buildConfigurationList = 4FBB50E72C8F4465002A23E9 /* Build configuration list for PBXNativeTarget "EffectiveMobileTodoListApp" */;
			buildPhases = (
				4FBB50B92C8F4464002A23E9 /* Sources */,
				4FBB50BA2C8F4464002A23E9 /* Frameworks */,
				4FBB50BB2C8F4464002A23E9 /* Resources */,
				4FC06EB12C8F77D40034F364 /* Embed Frameworks */,
			);
			buildRules = (
			);
			dependencies = (
			);
			name = EffectiveMobileTodoListApp;
			productName = EffectiveMobileTodoListApp;
			productReference = 4FBB50BD2C8F4464002A23E9 /* EffectiveMobileTodoListApp.app */;
			productType = "com.apple.product-type.application";
		};
/* End PBXNativeTarget section */

/* Begin PBXProject section */
		4FBB50B52C8F4464002A23E9 /* Project object */ = {
			isa = PBXProject;
			attributes = {
				BuildIndependentTargetsInParallel = 1;
				LastSwiftUpdateCheck = 1540;
				LastUpgradeCheck = 1540;
				TargetAttributes = {
					4FBB50BC2C8F4464002A23E9 = {
						CreatedOnToolsVersion = 15.4;
					};
				};
			};
			buildConfigurationList = 4FBB50B82C8F4464002A23E9 /* Build configuration list for PBXProject "EffectiveMobileTodoListApp" */;
			compatibilityVersion = "Xcode 14.0";
			developmentRegion = en;
			hasScannedForEncodings = 0;
			knownRegions = (
				en,
				Base,
			);
			mainGroup = 4FBB50B42C8F4464002A23E9;
			productRefGroup = 4FBB50BE2C8F4464002A23E9 /* Products */;
			projectDirPath = "";
			projectRoot = "";
			targets = (
				4FBB50BC2C8F4464002A23E9 /* EffectiveMobileTodoListApp */,
			);
		};
/* End PBXProject section */

/* Begin PBXResourcesBuildPhase section */
		4FBB50BB2C8F4464002A23E9 /* Resources */ = {
			isa = PBXResourcesBuildPhase;
			buildActionMask = 2147483647;
			files = (
				4FBB50CA2C8F4465002A23E9 /* Assets.xcassets in Resources */,
				4FBB50CD2C8F4465002A23E9 /* Base in Resources */,
			);
			runOnlyForDeploymentPostprocessing = 0;
		};
/* End PBXResourcesBuildPhase section */

/* Begin PBXSourcesBuildPhase section */
		4FBB50B92C8F4464002A23E9 /* Sources */ = {
			isa = PBXSourcesBuildPhase;
			buildActionMask = 2147483647;
			files = (
				4FBB50F42C8F7283002A23E9 /* MainQueueDispatchDecorator.swift in Sources */,
				4FC06EE22C98B7520034F364 /* FeedLoaderFactory.swift in Sources */,
				4F8ADFEF2C9C541800410775 /* FeedUIUpdateNotifier.swift in Sources */,
				4FBB50C12C8F4464002A23E9 /* AppDelegate.swift in Sources */,
				4FC06ECB2C9575260034F364 /* AddTaskUIComposer.swift in Sources */,
				4FBB50F12C8F6E33002A23E9 /* WeakRefVirtualProxy.swift in Sources */,
				4FC06EB92C8F842B0034F364 /* NullStore.swift in Sources */,
				4FBB50F62C8F7463002A23E9 /* TasksFeedUIComposer.swift in Sources */,
				4FC06EBB2C902B920034F364 /* TasksFeedLoaderWithFallbackComposite.swift in Sources */,
				4FBB50C32C8F4464002A23E9 /* SceneDelegate.swift in Sources */,
				4FC06EB72C8F7F280034F364 /* TasksFeedViewAdapter.swift in Sources */,
				4F8ADFF12C9C58A100410775 /* SubscriptionManager.swift in Sources */,
				4FC06EDB2C96A0830034F364 /* EditTaskUIComposer.swift in Sources */,
				4FC06EBD2C902C600034F364 /* TasksFeedLoaderCacheDecorator.swift in Sources */,
				4FC06EE42C98B7670034F364 /* FirstLaunchManager.swift in Sources */,
			);
			runOnlyForDeploymentPostprocessing = 0;
		};
/* End PBXSourcesBuildPhase section */

/* Begin PBXVariantGroup section */
		4FBB50CB2C8F4465002A23E9 /* LaunchScreen.storyboard */ = {
			isa = PBXVariantGroup;
			children = (
				4FBB50CC2C8F4465002A23E9 /* Base */,
			);
			name = LaunchScreen.storyboard;
			sourceTree = "<group>";
		};
/* End PBXVariantGroup section */

/* Begin XCBuildConfiguration section */
		4FBB50E52C8F4465002A23E9 /* Debug */ = {
			isa = XCBuildConfiguration;
			buildSettings = {
				ALWAYS_SEARCH_USER_PATHS = NO;
				ASSETCATALOG_COMPILER_GENERATE_SWIFT_ASSET_SYMBOL_EXTENSIONS = YES;
				CLANG_ANALYZER_NONNULL = YES;
				CLANG_ANALYZER_NUMBER_OBJECT_CONVERSION = YES_AGGRESSIVE;
				CLANG_CXX_LANGUAGE_STANDARD = "gnu++20";
				CLANG_ENABLE_MODULES = YES;
				CLANG_ENABLE_OBJC_ARC = YES;
				CLANG_ENABLE_OBJC_WEAK = YES;
				CLANG_WARN_BLOCK_CAPTURE_AUTORELEASING = YES;
				CLANG_WARN_BOOL_CONVERSION = YES;
				CLANG_WARN_COMMA = YES;
				CLANG_WARN_CONSTANT_CONVERSION = YES;
				CLANG_WARN_DEPRECATED_OBJC_IMPLEMENTATIONS = YES;
				CLANG_WARN_DIRECT_OBJC_ISA_USAGE = YES_ERROR;
				CLANG_WARN_DOCUMENTATION_COMMENTS = YES;
				CLANG_WARN_EMPTY_BODY = YES;
				CLANG_WARN_ENUM_CONVERSION = YES;
				CLANG_WARN_INFINITE_RECURSION = YES;
				CLANG_WARN_INT_CONVERSION = YES;
				CLANG_WARN_NON_LITERAL_NULL_CONVERSION = YES;
				CLANG_WARN_OBJC_IMPLICIT_RETAIN_SELF = YES;
				CLANG_WARN_OBJC_LITERAL_CONVERSION = YES;
				CLANG_WARN_OBJC_ROOT_CLASS = YES_ERROR;
				CLANG_WARN_QUOTED_INCLUDE_IN_FRAMEWORK_HEADER = YES;
				CLANG_WARN_RANGE_LOOP_ANALYSIS = YES;
				CLANG_WARN_STRICT_PROTOTYPES = YES;
				CLANG_WARN_SUSPICIOUS_MOVE = YES;
				CLANG_WARN_UNGUARDED_AVAILABILITY = YES_AGGRESSIVE;
				CLANG_WARN_UNREACHABLE_CODE = YES;
				CLANG_WARN__DUPLICATE_METHOD_MATCH = YES;
				COPY_PHASE_STRIP = NO;
				DEBUG_INFORMATION_FORMAT = dwarf;
				ENABLE_STRICT_OBJC_MSGSEND = YES;
				ENABLE_TESTABILITY = YES;
				ENABLE_USER_SCRIPT_SANDBOXING = YES;
				GCC_C_LANGUAGE_STANDARD = gnu17;
				GCC_DYNAMIC_NO_PIC = NO;
				GCC_NO_COMMON_BLOCKS = YES;
				GCC_OPTIMIZATION_LEVEL = 0;
				GCC_PREPROCESSOR_DEFINITIONS = (
					"DEBUG=1",
					"$(inherited)",
				);
				GCC_WARN_64_TO_32_BIT_CONVERSION = YES;
				GCC_WARN_ABOUT_RETURN_TYPE = YES_ERROR;
				GCC_WARN_UNDECLARED_SELECTOR = YES;
				GCC_WARN_UNINITIALIZED_AUTOS = YES_AGGRESSIVE;
				GCC_WARN_UNUSED_FUNCTION = YES;
				GCC_WARN_UNUSED_VARIABLE = YES;
				IPHONEOS_DEPLOYMENT_TARGET = 17.5;
				LOCALIZATION_PREFERS_STRING_CATALOGS = YES;
				MTL_ENABLE_DEBUG_INFO = INCLUDE_SOURCE;
				MTL_FAST_MATH = YES;
				ONLY_ACTIVE_ARCH = YES;
				SDKROOT = iphoneos;
				SWIFT_ACTIVE_COMPILATION_CONDITIONS = "DEBUG $(inherited)";
				SWIFT_OPTIMIZATION_LEVEL = "-Onone";
			};
			name = Debug;
		};
		4FBB50E62C8F4465002A23E9 /* Release */ = {
			isa = XCBuildConfiguration;
			buildSettings = {
				ALWAYS_SEARCH_USER_PATHS = NO;
				ASSETCATALOG_COMPILER_GENERATE_SWIFT_ASSET_SYMBOL_EXTENSIONS = YES;
				CLANG_ANALYZER_NONNULL = YES;
				CLANG_ANALYZER_NUMBER_OBJECT_CONVERSION = YES_AGGRESSIVE;
				CLANG_CXX_LANGUAGE_STANDARD = "gnu++20";
				CLANG_ENABLE_MODULES = YES;
				CLANG_ENABLE_OBJC_ARC = YES;
				CLANG_ENABLE_OBJC_WEAK = YES;
				CLANG_WARN_BLOCK_CAPTURE_AUTORELEASING = YES;
				CLANG_WARN_BOOL_CONVERSION = YES;
				CLANG_WARN_COMMA = YES;
				CLANG_WARN_CONSTANT_CONVERSION = YES;
				CLANG_WARN_DEPRECATED_OBJC_IMPLEMENTATIONS = YES;
				CLANG_WARN_DIRECT_OBJC_ISA_USAGE = YES_ERROR;
				CLANG_WARN_DOCUMENTATION_COMMENTS = YES;
				CLANG_WARN_EMPTY_BODY = YES;
				CLANG_WARN_ENUM_CONVERSION = YES;
				CLANG_WARN_INFINITE_RECURSION = YES;
				CLANG_WARN_INT_CONVERSION = YES;
				CLANG_WARN_NON_LITERAL_NULL_CONVERSION = YES;
				CLANG_WARN_OBJC_IMPLICIT_RETAIN_SELF = YES;
				CLANG_WARN_OBJC_LITERAL_CONVERSION = YES;
				CLANG_WARN_OBJC_ROOT_CLASS = YES_ERROR;
				CLANG_WARN_QUOTED_INCLUDE_IN_FRAMEWORK_HEADER = YES;
				CLANG_WARN_RANGE_LOOP_ANALYSIS = YES;
				CLANG_WARN_STRICT_PROTOTYPES = YES;
				CLANG_WARN_SUSPICIOUS_MOVE = YES;
				CLANG_WARN_UNGUARDED_AVAILABILITY = YES_AGGRESSIVE;
				CLANG_WARN_UNREACHABLE_CODE = YES;
				CLANG_WARN__DUPLICATE_METHOD_MATCH = YES;
				COPY_PHASE_STRIP = NO;
				DEBUG_INFORMATION_FORMAT = "dwarf-with-dsym";
				ENABLE_NS_ASSERTIONS = NO;
				ENABLE_STRICT_OBJC_MSGSEND = YES;
				ENABLE_USER_SCRIPT_SANDBOXING = YES;
				GCC_C_LANGUAGE_STANDARD = gnu17;
				GCC_NO_COMMON_BLOCKS = YES;
				GCC_WARN_64_TO_32_BIT_CONVERSION = YES;
				GCC_WARN_ABOUT_RETURN_TYPE = YES_ERROR;
				GCC_WARN_UNDECLARED_SELECTOR = YES;
				GCC_WARN_UNINITIALIZED_AUTOS = YES_AGGRESSIVE;
				GCC_WARN_UNUSED_FUNCTION = YES;
				GCC_WARN_UNUSED_VARIABLE = YES;
				IPHONEOS_DEPLOYMENT_TARGET = 17.5;
				LOCALIZATION_PREFERS_STRING_CATALOGS = YES;
				MTL_ENABLE_DEBUG_INFO = NO;
				MTL_FAST_MATH = YES;
				SDKROOT = iphoneos;
				SWIFT_COMPILATION_MODE = wholemodule;
				VALIDATE_PRODUCT = YES;
			};
			name = Release;
		};
		4FBB50E82C8F4465002A23E9 /* Debug */ = {
			isa = XCBuildConfiguration;
			buildSettings = {
				ASSETCATALOG_COMPILER_APPICON_NAME = AppIcon;
				ASSETCATALOG_COMPILER_GLOBAL_ACCENT_COLOR_NAME = AccentColor;
				CODE_SIGN_STYLE = Automatic;
				CURRENT_PROJECT_VERSION = 1;
				DEVELOPMENT_TEAM = 5YJ9NPM7MQ;
				GENERATE_INFOPLIST_FILE = YES;
				INFOPLIST_FILE = EffectiveMobileTodoListApp/Info.plist;
				INFOPLIST_KEY_UIApplicationSupportsIndirectInputEvents = YES;
				INFOPLIST_KEY_UILaunchStoryboardName = LaunchScreen;
				INFOPLIST_KEY_UIMainStoryboardFile = "";
				INFOPLIST_KEY_UISupportedInterfaceOrientations = UIInterfaceOrientationPortrait;
				LD_RUNPATH_SEARCH_PATHS = (
					"$(inherited)",
					"@executable_path/Frameworks",
				);
				MARKETING_VERSION = 1.0;
				PRODUCT_BUNDLE_IDENTIFIER = com.fenominall.EffectiveMobileTodoListApp;
				PRODUCT_NAME = "$(TARGET_NAME)";
				SWIFT_EMIT_LOC_STRINGS = YES;
				SWIFT_VERSION = 5.0;
				TARGETED_DEVICE_FAMILY = "1,2";
			};
			name = Debug;
		};
		4FBB50E92C8F4465002A23E9 /* Release */ = {
			isa = XCBuildConfiguration;
			buildSettings = {
				ASSETCATALOG_COMPILER_APPICON_NAME = AppIcon;
				ASSETCATALOG_COMPILER_GLOBAL_ACCENT_COLOR_NAME = AccentColor;
				CODE_SIGN_STYLE = Automatic;
				CURRENT_PROJECT_VERSION = 1;
				DEVELOPMENT_TEAM = 5YJ9NPM7MQ;
				GENERATE_INFOPLIST_FILE = YES;
				INFOPLIST_FILE = EffectiveMobileTodoListApp/Info.plist;
				INFOPLIST_KEY_UIApplicationSupportsIndirectInputEvents = YES;
				INFOPLIST_KEY_UILaunchStoryboardName = LaunchScreen;
				INFOPLIST_KEY_UIMainStoryboardFile = "";
				INFOPLIST_KEY_UISupportedInterfaceOrientations = UIInterfaceOrientationPortrait;
				LD_RUNPATH_SEARCH_PATHS = (
					"$(inherited)",
					"@executable_path/Frameworks",
				);
				MARKETING_VERSION = 1.0;
				PRODUCT_BUNDLE_IDENTIFIER = com.fenominall.EffectiveMobileTodoListApp;
				PRODUCT_NAME = "$(TARGET_NAME)";
				SWIFT_EMIT_LOC_STRINGS = YES;
				SWIFT_VERSION = 5.0;
				TARGETED_DEVICE_FAMILY = "1,2";
			};
			name = Release;
		};
/* End XCBuildConfiguration section */

/* Begin XCConfigurationList section */
		4FBB50B82C8F4464002A23E9 /* Build configuration list for PBXProject "EffectiveMobileTodoListApp" */ = {
			isa = XCConfigurationList;
			buildConfigurations = (
				4FBB50E52C8F4465002A23E9 /* Debug */,
				4FBB50E62C8F4465002A23E9 /* Release */,
			);
			defaultConfigurationIsVisible = 0;
			defaultConfigurationName = Release;
		};
		4FBB50E72C8F4465002A23E9 /* Build configuration list for PBXNativeTarget "EffectiveMobileTodoListApp" */ = {
			isa = XCConfigurationList;
			buildConfigurations = (
				4FBB50E82C8F4465002A23E9 /* Debug */,
				4FBB50E92C8F4465002A23E9 /* Release */,
			);
			defaultConfigurationIsVisible = 0;
			defaultConfigurationName = Release;
		};
/* End XCConfigurationList section */
	};
	rootObject = 4FBB50B52C8F4464002A23E9 /* Project object */;
}
