// !$*UTF8*$!
{
	archiveVersion = 1;
	classes = {
	};
	objectVersion = 56;
	objects = {

/* Begin PBXBuildFile section */
		4FBB50C12C8F4464002A23E9 /* AppDelegate.swift in Sources */ = {isa = PBXBuildFile; fileRef = 4FBB50C02C8F4464002A23E9 /* AppDelegate.swift */; };
		4FBB50C32C8F4464002A23E9 /* SceneDelegate.swift in Sources */ = {isa = PBXBuildFile; fileRef = 4FBB50C22C8F4464002A23E9 /* SceneDelegate.swift */; };
		4FBB50CA2C8F4465002A23E9 /* Assets.xcassets in Resources */ = {isa = PBXBuildFile; fileRef = 4FBB50C92C8F4465002A23E9 /* Assets.xcassets */; };
		4FBB50CD2C8F4465002A23E9 /* Base in Resources */ = {isa = PBXBuildFile; fileRef = 4FBB50CC2C8F4465002A23E9 /* Base */; };
		4FBB50D82C8F4465002A23E9 /* EffectiveMobileTodoListAppTests.swift in Sources */ = {isa = PBXBuildFile; fileRef = 4FBB50D72C8F4465002A23E9 /* EffectiveMobileTodoListAppTests.swift */; };
		4FBB50E22C8F4465002A23E9 /* EffectiveMobileTodoListAppUITests.swift in Sources */ = {isa = PBXBuildFile; fileRef = 4FBB50E12C8F4465002A23E9 /* EffectiveMobileTodoListAppUITests.swift */; };
		4FBB50E42C8F4465002A23E9 /* EffectiveMobileTodoListAppUITestsLaunchTests.swift in Sources */ = {isa = PBXBuildFile; fileRef = 4FBB50E32C8F4465002A23E9 /* EffectiveMobileTodoListAppUITestsLaunchTests.swift */; };
/* End PBXBuildFile section */

/* Begin PBXContainerItemProxy section */
		4FBB50D42C8F4465002A23E9 /* PBXContainerItemProxy */ = {
			isa = PBXContainerItemProxy;
			containerPortal = 4FBB50B52C8F4464002A23E9 /* Project object */;
			proxyType = 1;
			remoteGlobalIDString = 4FBB50BC2C8F4464002A23E9;
			remoteInfo = EffectiveMobileTodoListApp;
		};
		4FBB50DE2C8F4465002A23E9 /* PBXContainerItemProxy */ = {
			isa = PBXContainerItemProxy;
			containerPortal = 4FBB50B52C8F4464002A23E9 /* Project object */;
			proxyType = 1;
			remoteGlobalIDString = 4FBB50BC2C8F4464002A23E9;
			remoteInfo = EffectiveMobileTodoListApp;
		};
/* End PBXContainerItemProxy section */

/* Begin PBXFileReference section */
		4FBB50BD2C8F4464002A23E9 /* EffectiveMobileTodoListApp.app */ = {isa = PBXFileReference; explicitFileType = wrapper.application; includeInIndex = 0; path = EffectiveMobileTodoListApp.app; sourceTree = BUILT_PRODUCTS_DIR; };
		4FBB50C02C8F4464002A23E9 /* AppDelegate.swift */ = {isa = PBXFileReference; lastKnownFileType = sourcecode.swift; path = AppDelegate.swift; sourceTree = "<group>"; };
		4FBB50C22C8F4464002A23E9 /* SceneDelegate.swift */ = {isa = PBXFileReference; lastKnownFileType = sourcecode.swift; path = SceneDelegate.swift; sourceTree = "<group>"; };
		4FBB50C92C8F4465002A23E9 /* Assets.xcassets */ = {isa = PBXFileReference; lastKnownFileType = folder.assetcatalog; path = Assets.xcassets; sourceTree = "<group>"; };
		4FBB50CC2C8F4465002A23E9 /* Base */ = {isa = PBXFileReference; lastKnownFileType = file.storyboard; name = Base; path = Base.lproj/LaunchScreen.storyboard; sourceTree = "<group>"; };
		4FBB50CE2C8F4465002A23E9 /* Info.plist */ = {isa = PBXFileReference; lastKnownFileType = text.plist.xml; path = Info.plist; sourceTree = "<group>"; };
		4FBB50D32C8F4465002A23E9 /* EffectiveMobileTodoListAppTests.xctest */ = {isa = PBXFileReference; explicitFileType = wrapper.cfbundle; includeInIndex = 0; path = EffectiveMobileTodoListAppTests.xctest; sourceTree = BUILT_PRODUCTS_DIR; };
		4FBB50D72C8F4465002A23E9 /* EffectiveMobileTodoListAppTests.swift */ = {isa = PBXFileReference; lastKnownFileType = sourcecode.swift; path = EffectiveMobileTodoListAppTests.swift; sourceTree = "<group>"; };
		4FBB50DD2C8F4465002A23E9 /* EffectiveMobileTodoListAppUITests.xctest */ = {isa = PBXFileReference; explicitFileType = wrapper.cfbundle; includeInIndex = 0; path = EffectiveMobileTodoListAppUITests.xctest; sourceTree = BUILT_PRODUCTS_DIR; };
		4FBB50E12C8F4465002A23E9 /* EffectiveMobileTodoListAppUITests.swift */ = {isa = PBXFileReference; lastKnownFileType = sourcecode.swift; path = EffectiveMobileTodoListAppUITests.swift; sourceTree = "<group>"; };
		4FBB50E32C8F4465002A23E9 /* EffectiveMobileTodoListAppUITestsLaunchTests.swift */ = {isa = PBXFileReference; lastKnownFileType = sourcecode.swift; path = EffectiveMobileTodoListAppUITestsLaunchTests.swift; sourceTree = "<group>"; };
/* End PBXFileReference section */

/* Begin PBXFrameworksBuildPhase section */
		4FBB50BA2C8F4464002A23E9 /* Frameworks */ = {
			isa = PBXFrameworksBuildPhase;
			buildActionMask = 2147483647;
			files = (
			);
			runOnlyForDeploymentPostprocessing = 0;
		};
		4FBB50D02C8F4465002A23E9 /* Frameworks */ = {
			isa = PBXFrameworksBuildPhase;
			buildActionMask = 2147483647;
			files = (
			);
			runOnlyForDeploymentPostprocessing = 0;
		};
		4FBB50DA2C8F4465002A23E9 /* Frameworks */ = {
			isa = PBXFrameworksBuildPhase;
			buildActionMask = 2147483647;
			files = (
			);
			runOnlyForDeploymentPostprocessing = 0;
		};
/* End PBXFrameworksBuildPhase section */

/* Begin PBXGroup section */
		4FBB50B42C8F4464002A23E9 = {
			isa = PBXGroup;
			children = (
				4FBB50BF2C8F4464002A23E9 /* EffectiveMobileTodoListApp */,
				4FBB50D62C8F4465002A23E9 /* EffectiveMobileTodoListAppTests */,
				4FBB50E02C8F4465002A23E9 /* EffectiveMobileTodoListAppUITests */,
				4FBB50BE2C8F4464002A23E9 /* Products */,
			);
			sourceTree = "<group>";
		};
		4FBB50BE2C8F4464002A23E9 /* Products */ = {
			isa = PBXGroup;
			children = (
				4FBB50BD2C8F4464002A23E9 /* EffectiveMobileTodoListApp.app */,
				4FBB50D32C8F4465002A23E9 /* EffectiveMobileTodoListAppTests.xctest */,
				4FBB50DD2C8F4465002A23E9 /* EffectiveMobileTodoListAppUITests.xctest */,
			);
			name = Products;
			sourceTree = "<group>";
		};
		4FBB50BF2C8F4464002A23E9 /* EffectiveMobileTodoListApp */ = {
			isa = PBXGroup;
			children = (
				4FBB50C02C8F4464002A23E9 /* AppDelegate.swift */,
				4FBB50C22C8F4464002A23E9 /* SceneDelegate.swift */,
				4FBB50C92C8F4465002A23E9 /* Assets.xcassets */,
				4FBB50CB2C8F4465002A23E9 /* LaunchScreen.storyboard */,
				4FBB50CE2C8F4465002A23E9 /* Info.plist */,
			);
			path = EffectiveMobileTodoListApp;
			sourceTree = "<group>";
		};
		4FBB50D62C8F4465002A23E9 /* EffectiveMobileTodoListAppTests */ = {
			isa = PBXGroup;
			children = (
				4FBB50D72C8F4465002A23E9 /* EffectiveMobileTodoListAppTests.swift */,
			);
			path = EffectiveMobileTodoListAppTests;
			sourceTree = "<group>";
		};
		4FBB50E02C8F4465002A23E9 /* EffectiveMobileTodoListAppUITests */ = {
			isa = PBXGroup;
			children = (
				4FBB50E12C8F4465002A23E9 /* EffectiveMobileTodoListAppUITests.swift */,
				4FBB50E32C8F4465002A23E9 /* EffectiveMobileTodoListAppUITestsLaunchTests.swift */,
			);
			path = EffectiveMobileTodoListAppUITests;
			sourceTree = "<group>";
		};
/* End PBXGroup section */

/* Begin PBXNativeTarget section */
		4FBB50BC2C8F4464002A23E9 /* EffectiveMobileTodoListApp */ = {
			isa = PBXNativeTarget;
			buildConfigurationList = 4FBB50E72C8F4465002A23E9 /* Build configuration list for PBXNativeTarget "EffectiveMobileTodoListApp" */;
			buildPhases = (
				4FBB50B92C8F4464002A23E9 /* Sources */,
				4FBB50BA2C8F4464002A23E9 /* Frameworks */,
				4FBB50BB2C8F4464002A23E9 /* Resources */,
			);
			buildRules = (
			);
			dependencies = (
			);
			name = EffectiveMobileTodoListApp;
			productName = EffectiveMobileTodoListApp;
			productReference = 4FBB50BD2C8F4464002A23E9 /* EffectiveMobileTodoListApp.app */;
			productType = "com.apple.product-type.application";
		};
		4FBB50D22C8F4465002A23E9 /* EffectiveMobileTodoListAppTests */ = {
			isa = PBXNativeTarget;
			buildConfigurationList = 4FBB50EA2C8F4465002A23E9 /* Build configuration list for PBXNativeTarget "EffectiveMobileTodoListAppTests" */;
			buildPhases = (
				4FBB50CF2C8F4465002A23E9 /* Sources */,
				4FBB50D02C8F4465002A23E9 /* Frameworks */,
				4FBB50D12C8F4465002A23E9 /* Resources */,
			);
			buildRules = (
			);
			dependencies = (
				4FBB50D52C8F4465002A23E9 /* PBXTargetDependency */,
			);
			name = EffectiveMobileTodoListAppTests;
			productName = EffectiveMobileTodoListAppTests;
			productReference = 4FBB50D32C8F4465002A23E9 /* EffectiveMobileTodoListAppTests.xctest */;
			productType = "com.apple.product-type.bundle.unit-test";
		};
		4FBB50DC2C8F4465002A23E9 /* EffectiveMobileTodoListAppUITests */ = {
			isa = PBXNativeTarget;
			buildConfigurationList = 4FBB50ED2C8F4465002A23E9 /* Build configuration list for PBXNativeTarget "EffectiveMobileTodoListAppUITests" */;
			buildPhases = (
				4FBB50D92C8F4465002A23E9 /* Sources */,
				4FBB50DA2C8F4465002A23E9 /* Frameworks */,
				4FBB50DB2C8F4465002A23E9 /* Resources */,
			);
			buildRules = (
			);
			dependencies = (
				4FBB50DF2C8F4465002A23E9 /* PBXTargetDependency */,
			);
			name = EffectiveMobileTodoListAppUITests;
			productName = EffectiveMobileTodoListAppUITests;
			productReference = 4FBB50DD2C8F4465002A23E9 /* EffectiveMobileTodoListAppUITests.xctest */;
			productType = "com.apple.product-type.bundle.ui-testing";
		};
/* End PBXNativeTarget section */

/* Begin PBXProject section */
		4FBB50B52C8F4464002A23E9 /* Project object */ = {
			isa = PBXProject;
			attributes = {
				BuildIndependentTargetsInParallel = 1;
				LastSwiftUpdateCheck = 1540;
				LastUpgradeCheck = 1540;
				TargetAttributes = {
					4FBB50BC2C8F4464002A23E9 = {
						CreatedOnToolsVersion = 15.4;
					};
					4FBB50D22C8F4465002A23E9 = {
						CreatedOnToolsVersion = 15.4;
						TestTargetID = 4FBB50BC2C8F4464002A23E9;
					};
					4FBB50DC2C8F4465002A23E9 = {
						CreatedOnToolsVersion = 15.4;
						TestTargetID = 4FBB50BC2C8F4464002A23E9;
					};
				};
			};
			buildConfigurationList = 4FBB50B82C8F4464002A23E9 /* Build configuration list for PBXProject "EffectiveMobileTodoListApp" */;
			compatibilityVersion = "Xcode 14.0";
			developmentRegion = en;
			hasScannedForEncodings = 0;
			knownRegions = (
				en,
				Base,
			);
			mainGroup = 4FBB50B42C8F4464002A23E9;
			productRefGroup = 4FBB50BE2C8F4464002A23E9 /* Products */;
			projectDirPath = "";
			projectRoot = "";
			targets = (
				4FBB50BC2C8F4464002A23E9 /* EffectiveMobileTodoListApp */,
				4FBB50D22C8F4465002A23E9 /* EffectiveMobileTodoListAppTests */,
				4FBB50DC2C8F4465002A23E9 /* EffectiveMobileTodoListAppUITests */,
			);
		};
/* End PBXProject section */

/* Begin PBXResourcesBuildPhase section */
		4FBB50BB2C8F4464002A23E9 /* Resources */ = {
			isa = PBXResourcesBuildPhase;
			buildActionMask = 2147483647;
			files = (
				4FBB50CA2C8F4465002A23E9 /* Assets.xcassets in Resources */,
				4FBB50CD2C8F4465002A23E9 /* Base in Resources */,
			);
			runOnlyForDeploymentPostprocessing = 0;
		};
		4FBB50D12C8F4465002A23E9 /* Resources */ = {
			isa = PBXResourcesBuildPhase;
			buildActionMask = 2147483647;
			files = (
			);
			runOnlyForDeploymentPostprocessing = 0;
		};
		4FBB50DB2C8F4465002A23E9 /* Resources */ = {
			isa = PBXResourcesBuildPhase;
			buildActionMask = 2147483647;
			files = (
			);
			runOnlyForDeploymentPostprocessing = 0;
		};
/* End PBXResourcesBuildPhase section */

/* Begin PBXSourcesBuildPhase section */
		4FBB50B92C8F4464002A23E9 /* Sources */ = {
			isa = PBXSourcesBuildPhase;
			buildActionMask = 2147483647;
			files = (
				4FBB50C12C8F4464002A23E9 /* AppDelegate.swift in Sources */,
				4FBB50C32C8F4464002A23E9 /* SceneDelegate.swift in Sources */,
			);
			runOnlyForDeploymentPostprocessing = 0;
		};
		4FBB50CF2C8F4465002A23E9 /* Sources */ = {
			isa = PBXSourcesBuildPhase;
			buildActionMask = 2147483647;
			files = (
				4FBB50D82C8F4465002A23E9 /* EffectiveMobileTodoListAppTests.swift in Sources */,
			);
			runOnlyForDeploymentPostprocessing = 0;
		};
		4FBB50D92C8F4465002A23E9 /* Sources */ = {
			isa = PBXSourcesBuildPhase;
			buildActionMask = 2147483647;
			files = (
				4FBB50E42C8F4465002A23E9 /* EffectiveMobileTodoListAppUITestsLaunchTests.swift in Sources */,
				4FBB50E22C8F4465002A23E9 /* EffectiveMobileTodoListAppUITests.swift in Sources */,
			);
			runOnlyForDeploymentPostprocessing = 0;
		};
/* End PBXSourcesBuildPhase section */

/* Begin PBXTargetDependency section */
		4FBB50D52C8F4465002A23E9 /* PBXTargetDependency */ = {
			isa = PBXTargetDependency;
			target = 4FBB50BC2C8F4464002A23E9 /* EffectiveMobileTodoListApp */;
			targetProxy = 4FBB50D42C8F4465002A23E9 /* PBXContainerItemProxy */;
		};
		4FBB50DF2C8F4465002A23E9 /* PBXTargetDependency */ = {
			isa = PBXTargetDependency;
			target = 4FBB50BC2C8F4464002A23E9 /* EffectiveMobileTodoListApp */;
			targetProxy = 4FBB50DE2C8F4465002A23E9 /* PBXContainerItemProxy */;
		};
/* End PBXTargetDependency section */

/* Begin PBXVariantGroup section */
		4FBB50CB2C8F4465002A23E9 /* LaunchScreen.storyboard */ = {
			isa = PBXVariantGroup;
			children = (
				4FBB50CC2C8F4465002A23E9 /* Base */,
			);
			name = LaunchScreen.storyboard;
			sourceTree = "<group>";
		};
/* End PBXVariantGroup section */

/* Begin XCBuildConfiguration section */
		4FBB50E52C8F4465002A23E9 /* Debug */ = {
			isa = XCBuildConfiguration;
			buildSettings = {
				ALWAYS_SEARCH_USER_PATHS = NO;
				ASSETCATALOG_COMPILER_GENERATE_SWIFT_ASSET_SYMBOL_EXTENSIONS = YES;
				CLANG_ANALYZER_NONNULL = YES;
				CLANG_ANALYZER_NUMBER_OBJECT_CONVERSION = YES_AGGRESSIVE;
				CLANG_CXX_LANGUAGE_STANDARD = "gnu++20";
				CLANG_ENABLE_MODULES = YES;
				CLANG_ENABLE_OBJC_ARC = YES;
				CLANG_ENABLE_OBJC_WEAK = YES;
				CLANG_WARN_BLOCK_CAPTURE_AUTORELEASING = YES;
				CLANG_WARN_BOOL_CONVERSION = YES;
				CLANG_WARN_COMMA = YES;
				CLANG_WARN_CONSTANT_CONVERSION = YES;
				CLANG_WARN_DEPRECATED_OBJC_IMPLEMENTATIONS = YES;
				CLANG_WARN_DIRECT_OBJC_ISA_USAGE = YES_ERROR;
				CLANG_WARN_DOCUMENTATION_COMMENTS = YES;
				CLANG_WARN_EMPTY_BODY = YES;
				CLANG_WARN_ENUM_CONVERSION = YES;
				CLANG_WARN_INFINITE_RECURSION = YES;
				CLANG_WARN_INT_CONVERSION = YES;
				CLANG_WARN_NON_LITERAL_NULL_CONVERSION = YES;
				CLANG_WARN_OBJC_IMPLICIT_RETAIN_SELF = YES;
				CLANG_WARN_OBJC_LITERAL_CONVERSION = YES;
				CLANG_WARN_OBJC_ROOT_CLASS = YES_ERROR;
				CLANG_WARN_QUOTED_INCLUDE_IN_FRAMEWORK_HEADER = YES;
				CLANG_WARN_RANGE_LOOP_ANALYSIS = YES;
				CLANG_WARN_STRICT_PROTOTYPES = YES;
				CLANG_WARN_SUSPICIOUS_MOVE = YES;
				CLANG_WARN_UNGUARDED_AVAILABILITY = YES_AGGRESSIVE;
				CLANG_WARN_UNREACHABLE_CODE = YES;
				CLANG_WARN__DUPLICATE_METHOD_MATCH = YES;
				COPY_PHASE_STRIP = NO;
				DEBUG_INFORMATION_FORMAT = dwarf;
				ENABLE_STRICT_OBJC_MSGSEND = YES;
				ENABLE_TESTABILITY = YES;
				ENABLE_USER_SCRIPT_SANDBOXING = YES;
				GCC_C_LANGUAGE_STANDARD = gnu17;
				GCC_DYNAMIC_NO_PIC = NO;
				GCC_NO_COMMON_BLOCKS = YES;
				GCC_OPTIMIZATION_LEVEL = 0;
				GCC_PREPROCESSOR_DEFINITIONS = (
					"DEBUG=1",
					"$(inherited)",
				);
				GCC_WARN_64_TO_32_BIT_CONVERSION = YES;
				GCC_WARN_ABOUT_RETURN_TYPE = YES_ERROR;
				GCC_WARN_UNDECLARED_SELECTOR = YES;
				GCC_WARN_UNINITIALIZED_AUTOS = YES_AGGRESSIVE;
				GCC_WARN_UNUSED_FUNCTION = YES;
				GCC_WARN_UNUSED_VARIABLE = YES;
				IPHONEOS_DEPLOYMENT_TARGET = 17.5;
				LOCALIZATION_PREFERS_STRING_CATALOGS = YES;
				MTL_ENABLE_DEBUG_INFO = INCLUDE_SOURCE;
				MTL_FAST_MATH = YES;
				ONLY_ACTIVE_ARCH = YES;
				SDKROOT = iphoneos;
				SWIFT_ACTIVE_COMPILATION_CONDITIONS = "DEBUG $(inherited)";
				SWIFT_OPTIMIZATION_LEVEL = "-Onone";
			};
			name = Debug;
		};
		4FBB50E62C8F4465002A23E9 /* Release */ = {
			isa = XCBuildConfiguration;
			buildSettings = {
				ALWAYS_SEARCH_USER_PATHS = NO;
				ASSETCATALOG_COMPILER_GENERATE_SWIFT_ASSET_SYMBOL_EXTENSIONS = YES;
				CLANG_ANALYZER_NONNULL = YES;
				CLANG_ANALYZER_NUMBER_OBJECT_CONVERSION = YES_AGGRESSIVE;
				CLANG_CXX_LANGUAGE_STANDARD = "gnu++20";
				CLANG_ENABLE_MODULES = YES;
				CLANG_ENABLE_OBJC_ARC = YES;
				CLANG_ENABLE_OBJC_WEAK = YES;
				CLANG_WARN_BLOCK_CAPTURE_AUTORELEASING = YES;
				CLANG_WARN_BOOL_CONVERSION = YES;
				CLANG_WARN_COMMA = YES;
				CLANG_WARN_CONSTANT_CONVERSION = YES;
				CLANG_WARN_DEPRECATED_OBJC_IMPLEMENTATIONS = YES;
				CLANG_WARN_DIRECT_OBJC_ISA_USAGE = YES_ERROR;
				CLANG_WARN_DOCUMENTATION_COMMENTS = YES;
				CLANG_WARN_EMPTY_BODY = YES;
				CLANG_WARN_ENUM_CONVERSION = YES;
				CLANG_WARN_INFINITE_RECURSION = YES;
				CLANG_WARN_INT_CONVERSION = YES;
				CLANG_WARN_NON_LITERAL_NULL_CONVERSION = YES;
				CLANG_WARN_OBJC_IMPLICIT_RETAIN_SELF = YES;
				CLANG_WARN_OBJC_LITERAL_CONVERSION = YES;
				CLANG_WARN_OBJC_ROOT_CLASS = YES_ERROR;
				CLANG_WARN_QUOTED_INCLUDE_IN_FRAMEWORK_HEADER = YES;
				CLANG_WARN_RANGE_LOOP_ANALYSIS = YES;
				CLANG_WARN_STRICT_PROTOTYPES = YES;
				CLANG_WARN_SUSPICIOUS_MOVE = YES;
				CLANG_WARN_UNGUARDED_AVAILABILITY = YES_AGGRESSIVE;
				CLANG_WARN_UNREACHABLE_CODE = YES;
				CLANG_WARN__DUPLICATE_METHOD_MATCH = YES;
				COPY_PHASE_STRIP = NO;
				DEBUG_INFORMATION_FORMAT = "dwarf-with-dsym";
				ENABLE_NS_ASSERTIONS = NO;
				ENABLE_STRICT_OBJC_MSGSEND = YES;
				ENABLE_USER_SCRIPT_SANDBOXING = YES;
				GCC_C_LANGUAGE_STANDARD = gnu17;
				GCC_NO_COMMON_BLOCKS = YES;
				GCC_WARN_64_TO_32_BIT_CONVERSION = YES;
				GCC_WARN_ABOUT_RETURN_TYPE = YES_ERROR;
				GCC_WARN_UNDECLARED_SELECTOR = YES;
				GCC_WARN_UNINITIALIZED_AUTOS = YES_AGGRESSIVE;
				GCC_WARN_UNUSED_FUNCTION = YES;
				GCC_WARN_UNUSED_VARIABLE = YES;
				IPHONEOS_DEPLOYMENT_TARGET = 17.5;
				LOCALIZATION_PREFERS_STRING_CATALOGS = YES;
				MTL_ENABLE_DEBUG_INFO = NO;
				MTL_FAST_MATH = YES;
				SDKROOT = iphoneos;
				SWIFT_COMPILATION_MODE = wholemodule;
				VALIDATE_PRODUCT = YES;
			};
			name = Release;
		};
		4FBB50E82C8F4465002A23E9 /* Debug */ = {
			isa = XCBuildConfiguration;
			buildSettings = {
				ASSETCATALOG_COMPILER_APPICON_NAME = AppIcon;
				ASSETCATALOG_COMPILER_GLOBAL_ACCENT_COLOR_NAME = AccentColor;
				CODE_SIGN_STYLE = Automatic;
				CURRENT_PROJECT_VERSION = 1;
				DEVELOPMENT_TEAM = 5YJ9NPM7MQ;
				GENERATE_INFOPLIST_FILE = YES;
				INFOPLIST_FILE = EffectiveMobileTodoListApp/Info.plist;
				INFOPLIST_KEY_UIApplicationSupportsIndirectInputEvents = YES;
				INFOPLIST_KEY_UILaunchStoryboardName = LaunchScreen;
				INFOPLIST_KEY_UIMainStoryboardFile = "";
				INFOPLIST_KEY_UISupportedInterfaceOrientations = UIInterfaceOrientationPortrait;
				LD_RUNPATH_SEARCH_PATHS = (
					"$(inherited)",
					"@executable_path/Frameworks",
				);
				MARKETING_VERSION = 1.0;
				PRODUCT_BUNDLE_IDENTIFIER = com.fenominall.EffectiveMobileTodoListApp;
				PRODUCT_NAME = "$(TARGET_NAME)";
				SWIFT_EMIT_LOC_STRINGS = YES;
				SWIFT_VERSION = 5.0;
				TARGETED_DEVICE_FAMILY = "1,2";
			};
			name = Debug;
		};
		4FBB50E92C8F4465002A23E9 /* Release */ = {
			isa = XCBuildConfiguration;
			buildSettings = {
				ASSETCATALOG_COMPILER_APPICON_NAME = AppIcon;
				ASSETCATALOG_COMPILER_GLOBAL_ACCENT_COLOR_NAME = AccentColor;
				CODE_SIGN_STYLE = Automatic;
				CURRENT_PROJECT_VERSION = 1;
				DEVELOPMENT_TEAM = 5YJ9NPM7MQ;
				GENERATE_INFOPLIST_FILE = YES;
				INFOPLIST_FILE = EffectiveMobileTodoListApp/Info.plist;
				INFOPLIST_KEY_UIApplicationSupportsIndirectInputEvents = YES;
				INFOPLIST_KEY_UILaunchStoryboardName = LaunchScreen;
				INFOPLIST_KEY_UIMainStoryboardFile = "";
				INFOPLIST_KEY_UISupportedInterfaceOrientations = UIInterfaceOrientationPortrait;
				LD_RUNPATH_SEARCH_PATHS = (
					"$(inherited)",
					"@executable_path/Frameworks",
				);
				MARKETING_VERSION = 1.0;
				PRODUCT_BUNDLE_IDENTIFIER = com.fenominall.EffectiveMobileTodoListApp;
				PRODUCT_NAME = "$(TARGET_NAME)";
				SWIFT_EMIT_LOC_STRINGS = YES;
				SWIFT_VERSION = 5.0;
				TARGETED_DEVICE_FAMILY = "1,2";
			};
			name = Release;
		};
		4FBB50EB2C8F4465002A23E9 /* Debug */ = {
			isa = XCBuildConfiguration;
			buildSettings = {
				ALWAYS_EMBED_SWIFT_STANDARD_LIBRARIES = YES;
				BUNDLE_LOADER = "$(TEST_HOST)";
				CODE_SIGN_STYLE = Automatic;
				CURRENT_PROJECT_VERSION = 1;
				DEVELOPMENT_TEAM = 5YJ9NPM7MQ;
				GENERATE_INFOPLIST_FILE = YES;
				IPHONEOS_DEPLOYMENT_TARGET = 17.5;
				MARKETING_VERSION = 1.0;
				PRODUCT_BUNDLE_IDENTIFIER = com.fenominall.EffectiveMobileTodoListAppTests;
				PRODUCT_NAME = "$(TARGET_NAME)";
				SWIFT_EMIT_LOC_STRINGS = NO;
				SWIFT_VERSION = 5.0;
				TARGETED_DEVICE_FAMILY = "1,2";
				TEST_HOST = "$(BUILT_PRODUCTS_DIR)/EffectiveMobileTodoListApp.app/$(BUNDLE_EXECUTABLE_FOLDER_PATH)/EffectiveMobileTodoListApp";
			};
			name = Debug;
		};
		4FBB50EC2C8F4465002A23E9 /* Release */ = {
			isa = XCBuildConfiguration;
			buildSettings = {
				ALWAYS_EMBED_SWIFT_STANDARD_LIBRARIES = YES;
				BUNDLE_LOADER = "$(TEST_HOST)";
				CODE_SIGN_STYLE = Automatic;
				CURRENT_PROJECT_VERSION = 1;
				DEVELOPMENT_TEAM = 5YJ9NPM7MQ;
				GENERATE_INFOPLIST_FILE = YES;
				IPHONEOS_DEPLOYMENT_TARGET = 17.5;
				MARKETING_VERSION = 1.0;
				PRODUCT_BUNDLE_IDENTIFIER = com.fenominall.EffectiveMobileTodoListAppTests;
				PRODUCT_NAME = "$(TARGET_NAME)";
				SWIFT_EMIT_LOC_STRINGS = NO;
				SWIFT_VERSION = 5.0;
				TARGETED_DEVICE_FAMILY = "1,2";
				TEST_HOST = "$(BUILT_PRODUCTS_DIR)/EffectiveMobileTodoListApp.app/$(BUNDLE_EXECUTABLE_FOLDER_PATH)/EffectiveMobileTodoListApp";
			};
			name = Release;
		};
		4FBB50EE2C8F4465002A23E9 /* Debug */ = {
			isa = XCBuildConfiguration;
			buildSettings = {
				ALWAYS_EMBED_SWIFT_STANDARD_LIBRARIES = YES;
				CODE_SIGN_STYLE = Automatic;
				CURRENT_PROJECT_VERSION = 1;
				DEVELOPMENT_TEAM = 5YJ9NPM7MQ;
				GENERATE_INFOPLIST_FILE = YES;
				MARKETING_VERSION = 1.0;
				PRODUCT_BUNDLE_IDENTIFIER = com.fenominall.EffectiveMobileTodoListAppUITests;
				PRODUCT_NAME = "$(TARGET_NAME)";
				SWIFT_EMIT_LOC_STRINGS = NO;
				SWIFT_VERSION = 5.0;
				TARGETED_DEVICE_FAMILY = "1,2";
				TEST_TARGET_NAME = EffectiveMobileTodoListApp;
			};
			name = Debug;
		};
		4FBB50EF2C8F4465002A23E9 /* Release */ = {
			isa = XCBuildConfiguration;
			buildSettings = {
				ALWAYS_EMBED_SWIFT_STANDARD_LIBRARIES = YES;
				CODE_SIGN_STYLE = Automatic;
				CURRENT_PROJECT_VERSION = 1;
				DEVELOPMENT_TEAM = 5YJ9NPM7MQ;
				GENERATE_INFOPLIST_FILE = YES;
				MARKETING_VERSION = 1.0;
				PRODUCT_BUNDLE_IDENTIFIER = com.fenominall.EffectiveMobileTodoListAppUITests;
				PRODUCT_NAME = "$(TARGET_NAME)";
				SWIFT_EMIT_LOC_STRINGS = NO;
				SWIFT_VERSION = 5.0;
				TARGETED_DEVICE_FAMILY = "1,2";
				TEST_TARGET_NAME = EffectiveMobileTodoListApp;
			};
			name = Release;
		};
/* End XCBuildConfiguration section */

/* Begin XCConfigurationList section */
		4FBB50B82C8F4464002A23E9 /* Build configuration list for PBXProject "EffectiveMobileTodoListApp" */ = {
			isa = XCConfigurationList;
			buildConfigurations = (
				4FBB50E52C8F4465002A23E9 /* Debug */,
				4FBB50E62C8F4465002A23E9 /* Release */,
			);
			defaultConfigurationIsVisible = 0;
			defaultConfigurationName = Release;
		};
		4FBB50E72C8F4465002A23E9 /* Build configuration list for PBXNativeTarget "EffectiveMobileTodoListApp" */ = {
			isa = XCConfigurationList;
			buildConfigurations = (
				4FBB50E82C8F4465002A23E9 /* Debug */,
				4FBB50E92C8F4465002A23E9 /* Release */,
			);
			defaultConfigurationIsVisible = 0;
			defaultConfigurationName = Release;
		};
		4FBB50EA2C8F4465002A23E9 /* Build configuration list for PBXNativeTarget "EffectiveMobileTodoListAppTests" */ = {
			isa = XCConfigurationList;
			buildConfigurations = (
				4FBB50EB2C8F4465002A23E9 /* Debug */,
				4FBB50EC2C8F4465002A23E9 /* Release */,
			);
			defaultConfigurationIsVisible = 0;
			defaultConfigurationName = Release;
		};
		4FBB50ED2C8F4465002A23E9 /* Build configuration list for PBXNativeTarget "EffectiveMobileTodoListAppUITests" */ = {
			isa = XCConfigurationList;
			buildConfigurations = (
				4FBB50EE2C8F4465002A23E9 /* Debug */,
				4FBB50EF2C8F4465002A23E9 /* Release */,
			);
			defaultConfigurationIsVisible = 0;
			defaultConfigurationName = Release;
		};
/* End XCConfigurationList section */
	};
	rootObject = 4FBB50B52C8F4464002A23E9 /* Project object */;
}
